// !$*UTF8*$!
{
	archiveVersion = 1;
	classes = {
	};
	objectVersion = 46;
	objects = {

/* Begin PBXBuildFile section */
		2525E27B19A9231600A5C351 /* NSString+Extension.m in Sources */ = {isa = PBXBuildFile; fileRef = 2525E27A19A9231600A5C351 /* NSString+Extension.m */; };
		2537F4D319A7C814009EA4C4 /* main.m in Sources */ = {isa = PBXBuildFile; fileRef = 2537F4D219A7C814009EA4C4 /* main.m */; };
		2537F4D619A7C814009EA4C4 /* AppDelegate.m in Sources */ = {isa = PBXBuildFile; fileRef = 2537F4D519A7C814009EA4C4 /* AppDelegate.m */; };
		2537F4D919A7C814009EA4C4 /* ProfileViewController.m in Sources */ = {isa = PBXBuildFile; fileRef = 2537F4D819A7C814009EA4C4 /* ProfileViewController.m */; };
		2537F4DE19A7C814009EA4C4 /* Images.xcassets in Resources */ = {isa = PBXBuildFile; fileRef = 2537F4DD19A7C814009EA4C4 /* Images.xcassets */; };
		2537F4EA19A7C814009EA4C4 /* ProfileTests.m in Sources */ = {isa = PBXBuildFile; fileRef = 2537F4E919A7C814009EA4C4 /* ProfileTests.m */; };
		2537F4F519A7CB50009EA4C4 /* Profile.m in Sources */ = {isa = PBXBuildFile; fileRef = 2537F4F419A7CB50009EA4C4 /* Profile.m */; };
		2537F4F819A7D0BC009EA4C4 /* ProfileCell.m in Sources */ = {isa = PBXBuildFile; fileRef = 2537F4F719A7D0BC009EA4C4 /* ProfileCell.m */; };
		2537F4FA19A7FE66009EA4C4 /* ProfileTableFooterView.xib in Resources */ = {isa = PBXBuildFile; fileRef = 2537F4F919A7FE66009EA4C4 /* ProfileTableFooterView.xib */; };
/* End PBXBuildFile section */

/* Begin PBXContainerItemProxy section */
		2537F4E419A7C814009EA4C4 /* PBXContainerItemProxy */ = {
			isa = PBXContainerItemProxy;
			containerPortal = 2537F4C519A7C814009EA4C4 /* Project object */;
			proxyType = 1;
			remoteGlobalIDString = 2537F4CC19A7C814009EA4C4;
			remoteInfo = Profile;
		};
/* End PBXContainerItemProxy section */

/* Begin PBXFileReference section */
		2525E27919A9231600A5C351 /* NSString+Extension.h */ = {isa = PBXFileReference; fileEncoding = 4; lastKnownFileType = sourcecode.c.h; path = "NSString+Extension.h"; sourceTree = "<group>"; };
		2525E27A19A9231600A5C351 /* NSString+Extension.m */ = {isa = PBXFileReference; fileEncoding = 4; lastKnownFileType = sourcecode.c.objc; path = "NSString+Extension.m"; sourceTree = "<group>"; };
		2537F4CD19A7C814009EA4C4 /* Profile.app */ = {isa = PBXFileReference; explicitFileType = wrapper.application; includeInIndex = 0; path = Profile.app; sourceTree = BUILT_PRODUCTS_DIR; };
		2537F4D119A7C814009EA4C4 /* Info.plist */ = {isa = PBXFileReference; lastKnownFileType = text.plist.xml; path = Info.plist; sourceTree = "<group>"; };
		2537F4D219A7C814009EA4C4 /* main.m */ = {isa = PBXFileReference; lastKnownFileType = sourcecode.c.objc; path = main.m; sourceTree = "<group>"; };
		2537F4D419A7C814009EA4C4 /* AppDelegate.h */ = {isa = PBXFileReference; lastKnownFileType = sourcecode.c.h; path = AppDelegate.h; sourceTree = "<group>"; };
		2537F4D519A7C814009EA4C4 /* AppDelegate.m */ = {isa = PBXFileReference; lastKnownFileType = sourcecode.c.objc; path = AppDelegate.m; sourceTree = "<group>"; };
		2537F4D719A7C814009EA4C4 /* ProfileViewController.h */ = {isa = PBXFileReference; lastKnownFileType = sourcecode.c.h; path = ProfileViewController.h; sourceTree = "<group>"; };
		2537F4D819A7C814009EA4C4 /* ProfileViewController.m */ = {isa = PBXFileReference; lastKnownFileType = sourcecode.c.objc; path = ProfileViewController.m; sourceTree = "<group>"; };
		2537F4DD19A7C814009EA4C4 /* Images.xcassets */ = {isa = PBXFileReference; lastKnownFileType = folder.assetcatalog; path = Images.xcassets; sourceTree = "<group>"; };
		2537F4E319A7C814009EA4C4 /* ProfileTests.xctest */ = {isa = PBXFileReference; explicitFileType = wrapper.cfbundle; includeInIndex = 0; path = ProfileTests.xctest; sourceTree = BUILT_PRODUCTS_DIR; };
		2537F4E819A7C814009EA4C4 /* Info.plist */ = {isa = PBXFileReference; lastKnownFileType = text.plist.xml; path = Info.plist; sourceTree = "<group>"; };
		2537F4E919A7C814009EA4C4 /* ProfileTests.m */ = {isa = PBXFileReference; lastKnownFileType = sourcecode.c.objc; path = ProfileTests.m; sourceTree = "<group>"; };
		2537F4F319A7CB50009EA4C4 /* Profile.h */ = {isa = PBXFileReference; fileEncoding = 4; lastKnownFileType = sourcecode.c.h; path = Profile.h; sourceTree = "<group>"; };
		2537F4F419A7CB50009EA4C4 /* Profile.m */ = {isa = PBXFileReference; fileEncoding = 4; lastKnownFileType = sourcecode.c.objc; path = Profile.m; sourceTree = "<group>"; };
		2537F4F619A7D0BC009EA4C4 /* ProfileCell.h */ = {isa = PBXFileReference; fileEncoding = 4; lastKnownFileType = sourcecode.c.h; path = ProfileCell.h; sourceTree = "<group>"; };
		2537F4F719A7D0BC009EA4C4 /* ProfileCell.m */ = {isa = PBXFileReference; fileEncoding = 4; lastKnownFileType = sourcecode.c.objc; path = ProfileCell.m; sourceTree = "<group>"; };
		2537F4F919A7FE66009EA4C4 /* ProfileTableFooterView.xib */ = {isa = PBXFileReference; fileEncoding = 4; lastKnownFileType = file.xib; path = ProfileTableFooterView.xib; sourceTree = "<group>"; };
/* End PBXFileReference section */

/* Begin PBXFrameworksBuildPhase section */
		2537F4CA19A7C814009EA4C4 /* Frameworks */ = {
			isa = PBXFrameworksBuildPhase;
			buildActionMask = 2147483647;
			files = (
			);
			runOnlyForDeploymentPostprocessing = 0;
		};
		2537F4E019A7C814009EA4C4 /* Frameworks */ = {
			isa = PBXFrameworksBuildPhase;
			buildActionMask = 2147483647;
			files = (
			);
			runOnlyForDeploymentPostprocessing = 0;
		};
/* End PBXFrameworksBuildPhase section */

/* Begin PBXGroup section */
		2537F4C419A7C814009EA4C4 = {
			isa = PBXGroup;
			children = (
				2537F4CF19A7C814009EA4C4 /* Profile */,
				2537F4E619A7C814009EA4C4 /* ProfileTests */,
				2537F4CE19A7C814009EA4C4 /* Products */,
			);
			sourceTree = "<group>";
		};
		2537F4CE19A7C814009EA4C4 /* Products */ = {
			isa = PBXGroup;
			children = (
				2537F4CD19A7C814009EA4C4 /* Profile.app */,
				2537F4E319A7C814009EA4C4 /* ProfileTests.xctest */,
			);
			name = Products;
			sourceTree = "<group>";
		};
		2537F4CF19A7C814009EA4C4 /* Profile */ = {
			isa = PBXGroup;
			children = (
				2537F4D419A7C814009EA4C4 /* AppDelegate.h */,
				2537F4D519A7C814009EA4C4 /* AppDelegate.m */,
				2525E27919A9231600A5C351 /* NSString+Extension.h */,
				2525E27A19A9231600A5C351 /* NSString+Extension.m */,
				2537F4F319A7CB50009EA4C4 /* Profile.h */,
				2537F4F419A7CB50009EA4C4 /* Profile.m */,
				2537F4F619A7D0BC009EA4C4 /* ProfileCell.h */,
				2537F4F719A7D0BC009EA4C4 /* ProfileCell.m */,
				2537F4D719A7C814009EA4C4 /* ProfileViewController.h */,
				2537F4D819A7C814009EA4C4 /* ProfileViewController.m */,
				2537F4F919A7FE66009EA4C4 /* ProfileTableFooterView.xib */,
				2537F4DD19A7C814009EA4C4 /* Images.xcassets */,
				2537F4D019A7C814009EA4C4 /* Supporting Files */,
			);
			path = Profile;
			sourceTree = "<group>";
		};
		2537F4D019A7C814009EA4C4 /* Supporting Files */ = {
			isa = PBXGroup;
			children = (
				2537F4D119A7C814009EA4C4 /* Info.plist */,
				2537F4D219A7C814009EA4C4 /* main.m */,
			);
			name = "Supporting Files";
			sourceTree = "<group>";
		};
		2537F4E619A7C814009EA4C4 /* ProfileTests */ = {
			isa = PBXGroup;
			children = (
				2537F4E919A7C814009EA4C4 /* ProfileTests.m */,
				2537F4E719A7C814009EA4C4 /* Supporting Files */,
			);
			path = ProfileTests;
			sourceTree = "<group>";
		};
		2537F4E719A7C814009EA4C4 /* Supporting Files */ = {
			isa = PBXGroup;
			children = (
				2537F4E819A7C814009EA4C4 /* Info.plist */,
			);
			name = "Supporting Files";
			sourceTree = "<group>";
		};
/* End PBXGroup section */

/* Begin PBXNativeTarget section */
		2537F4CC19A7C814009EA4C4 /* Profile */ = {
			isa = PBXNativeTarget;
			buildConfigurationList = 2537F4ED19A7C814009EA4C4 /* Build configuration list for PBXNativeTarget "Profile" */;
			buildPhases = (
				2537F4C919A7C814009EA4C4 /* Sources */,
				2537F4CA19A7C814009EA4C4 /* Frameworks */,
				2537F4CB19A7C814009EA4C4 /* Resources */,
			);
			buildRules = (
			);
			dependencies = (
			);
			name = Profile;
			productName = Profile;
			productReference = 2537F4CD19A7C814009EA4C4 /* Profile.app */;
			productType = "com.apple.product-type.application";
		};
		2537F4E219A7C814009EA4C4 /* ProfileTests */ = {
			isa = PBXNativeTarget;
			buildConfigurationList = 2537F4F019A7C814009EA4C4 /* Build configuration list for PBXNativeTarget "ProfileTests" */;
			buildPhases = (
				2537F4DF19A7C814009EA4C4 /* Sources */,
				2537F4E019A7C814009EA4C4 /* Frameworks */,
				2537F4E119A7C814009EA4C4 /* Resources */,
			);
			buildRules = (
			);
			dependencies = (
				2537F4E519A7C814009EA4C4 /* PBXTargetDependency */,
			);
			name = ProfileTests;
			productName = ProfileTests;
			productReference = 2537F4E319A7C814009EA4C4 /* ProfileTests.xctest */;
			productType = "com.apple.product-type.bundle.unit-test";
		};
/* End PBXNativeTarget section */

/* Begin PBXProject section */
		2537F4C519A7C814009EA4C4 /* Project object */ = {
			isa = PBXProject;
			attributes = {
				LastUpgradeCheck = 0600;
				ORGANIZATIONNAME = "Y Media Labs";
				TargetAttributes = {
					2537F4CC19A7C814009EA4C4 = {
						CreatedOnToolsVersion = 6.0;
					};
					2537F4E219A7C814009EA4C4 = {
						CreatedOnToolsVersion = 6.0;
						TestTargetID = 2537F4CC19A7C814009EA4C4;
					};
				};
			};
			buildConfigurationList = 2537F4C819A7C814009EA4C4 /* Build configuration list for PBXProject "Profile" */;
			compatibilityVersion = "Xcode 3.2";
			developmentRegion = English;
			hasScannedForEncodings = 0;
			knownRegions = (
				en,
				Base,
			);
			mainGroup = 2537F4C419A7C814009EA4C4;
			productRefGroup = 2537F4CE19A7C814009EA4C4 /* Products */;
			projectDirPath = "";
			projectRoot = "";
			targets = (
				2537F4CC19A7C814009EA4C4 /* Profile */,
				2537F4E219A7C814009EA4C4 /* ProfileTests */,
			);
		};
/* End PBXProject section */

/* Begin PBXResourcesBuildPhase section */
		2537F4CB19A7C814009EA4C4 /* Resources */ = {
			isa = PBXResourcesBuildPhase;
			buildActionMask = 2147483647;
			files = (
				2537F4FA19A7FE66009EA4C4 /* ProfileTableFooterView.xib in Resources */,
				2537F4DE19A7C814009EA4C4 /* Images.xcassets in Resources */,
			);
			runOnlyForDeploymentPostprocessing = 0;
		};
		2537F4E119A7C814009EA4C4 /* Resources */ = {
			isa = PBXResourcesBuildPhase;
			buildActionMask = 2147483647;
			files = (
			);
			runOnlyForDeploymentPostprocessing = 0;
		};
/* End PBXResourcesBuildPhase section */

/* Begin PBXSourcesBuildPhase section */
		2537F4C919A7C814009EA4C4 /* Sources */ = {
			isa = PBXSourcesBuildPhase;
			buildActionMask = 2147483647;
			files = (
				2537F4D919A7C814009EA4C4 /* ProfileViewController.m in Sources */,
				2525E27B19A9231600A5C351 /* NSString+Extension.m in Sources */,
				2537F4F519A7CB50009EA4C4 /* Profile.m in Sources */,
				2537F4F819A7D0BC009EA4C4 /* ProfileCell.m in Sources */,
				2537F4D619A7C814009EA4C4 /* AppDelegate.m in Sources */,
				2537F4D319A7C814009EA4C4 /* main.m in Sources */,
			);
			runOnlyForDeploymentPostprocessing = 0;
		};
		2537F4DF19A7C814009EA4C4 /* Sources */ = {
			isa = PBXSourcesBuildPhase;
			buildActionMask = 2147483647;
			files = (
				2537F4EA19A7C814009EA4C4 /* ProfileTests.m in Sources */,
			);
			runOnlyForDeploymentPostprocessing = 0;
		};
/* End PBXSourcesBuildPhase section */

/* Begin PBXTargetDependency section */
		2537F4E519A7C814009EA4C4 /* PBXTargetDependency */ = {
			isa = PBXTargetDependency;
			target = 2537F4CC19A7C814009EA4C4 /* Profile */;
			targetProxy = 2537F4E419A7C814009EA4C4 /* PBXContainerItemProxy */;
		};
/* End PBXTargetDependency section */

/* Begin XCBuildConfiguration section */
		2537F4EB19A7C814009EA4C4 /* Debug */ = {
			isa = XCBuildConfiguration;
			buildSettings = {
				ALWAYS_SEARCH_USER_PATHS = NO;
				CLANG_CXX_LANGUAGE_STANDARD = "gnu++0x";
				CLANG_CXX_LIBRARY = "libc++";
				CLANG_ENABLE_MODULES = YES;
				CLANG_ENABLE_OBJC_ARC = YES;
				CLANG_WARN_BOOL_CONVERSION = YES;
				CLANG_WARN_CONSTANT_CONVERSION = YES;
				CLANG_WARN_DIRECT_OBJC_ISA_USAGE = YES_ERROR;
				CLANG_WARN_EMPTY_BODY = YES;
				CLANG_WARN_ENUM_CONVERSION = YES;
				CLANG_WARN_INT_CONVERSION = YES;
				CLANG_WARN_OBJC_ROOT_CLASS = YES_ERROR;
				CLANG_WARN_UNREACHABLE_CODE = YES;
				CLANG_WARN__DUPLICATE_METHOD_MATCH = YES;
				"CODE_SIGN_IDENTITY[sdk=iphoneos*]" = "iPhone Developer";
				COPY_PHASE_STRIP = NO;
				ENABLE_STRICT_OBJC_MSGSEND = YES;
				GCC_C_LANGUAGE_STANDARD = gnu99;
				GCC_DYNAMIC_NO_PIC = NO;
				GCC_OPTIMIZATION_LEVEL = 0;
				GCC_PREPROCESSOR_DEFINITIONS = (
					"DEBUG=1",
					"$(inherited)",
				);
				GCC_SYMBOLS_PRIVATE_EXTERN = NO;
				GCC_WARN_64_TO_32_BIT_CONVERSION = YES;
				GCC_WARN_ABOUT_RETURN_TYPE = YES_ERROR;
				GCC_WARN_UNDECLARED_SELECTOR = YES;
				GCC_WARN_UNINITIALIZED_AUTOS = YES_AGGRESSIVE;
				GCC_WARN_UNUSED_FUNCTION = YES;
				GCC_WARN_UNUSED_VARIABLE = YES;
				IPHONEOS_DEPLOYMENT_TARGET = 8.0;
				MTL_ENABLE_DEBUG_INFO = YES;
				ONLY_ACTIVE_ARCH = YES;
				SDKROOT = iphoneos;
			};
			name = Debug;
		};
		2537F4EC19A7C814009EA4C4 /* Release */ = {
			isa = XCBuildConfiguration;
			buildSettings = {
				ALWAYS_SEARCH_USER_PATHS = NO;
				CLANG_CXX_LANGUAGE_STANDARD = "gnu++0x";
				CLANG_CXX_LIBRARY = "libc++";
				CLANG_ENABLE_MODULES = YES;
				CLANG_ENABLE_OBJC_ARC = YES;
				CLANG_WARN_BOOL_CONVERSION = YES;
				CLANG_WARN_CONSTANT_CONVERSION = YES;
				CLANG_WARN_DIRECT_OBJC_ISA_USAGE = YES_ERROR;
				CLANG_WARN_EMPTY_BODY = YES;
				CLANG_WARN_ENUM_CONVERSION = YES;
				CLANG_WARN_INT_CONVERSION = YES;
				CLANG_WARN_OBJC_ROOT_CLASS = YES_ERROR;
				CLANG_WARN_UNREACHABLE_CODE = YES;
				CLANG_WARN__DUPLICATE_METHOD_MATCH = YES;
				"CODE_SIGN_IDENTITY[sdk=iphoneos*]" = "iPhone Developer";
				COPY_PHASE_STRIP = YES;
				ENABLE_NS_ASSERTIONS = NO;
				ENABLE_STRICT_OBJC_MSGSEND = YES;
				GCC_C_LANGUAGE_STANDARD = gnu99;
				GCC_WARN_64_TO_32_BIT_CONVERSION = YES;
				GCC_WARN_ABOUT_RETURN_TYPE = YES_ERROR;
				GCC_WARN_UNDECLARED_SELECTOR = YES;
				GCC_WARN_UNINITIALIZED_AUTOS = YES_AGGRESSIVE;
				GCC_WARN_UNUSED_FUNCTION = YES;
				GCC_WARN_UNUSED_VARIABLE = YES;
				IPHONEOS_DEPLOYMENT_TARGET = 8.0;
				MTL_ENABLE_DEBUG_INFO = NO;
				SDKROOT = iphoneos;
				VALIDATE_PRODUCT = YES;
			};
			name = Release;
		};
		2537F4EE19A7C814009EA4C4 /* Debug */ = {
			isa = XCBuildConfiguration;
			buildSettings = {
				ASSETCATALOG_COMPILER_APPICON_NAME = AppIcon;
				ASSETCATALOG_COMPILER_LAUNCHIMAGE_NAME = LaunchImage;
				CODE_SIGN_IDENTITY = "";
				INFOPLIST_FILE = Profile/Info.plist;
				LD_RUNPATH_SEARCH_PATHS = "$(inherited) @executable_path/Frameworks";
				PRODUCT_NAME = "$(TARGET_NAME)";
				PROVISIONING_PROFILE = "dfd72b2b-53a9-4919-ae96-dc3c86bb64b0";
			};
			name = Debug;
		};
		2537F4EF19A7C814009EA4C4 /* Release */ = {
			isa = XCBuildConfiguration;
			buildSettings = {
				ASSETCATALOG_COMPILER_APPICON_NAME = AppIcon;
				ASSETCATALOG_COMPILER_LAUNCHIMAGE_NAME = LaunchImage;
				CODE_SIGN_IDENTITY = "";
				"CODE_SIGN_IDENTITY[sdk=iphoneos*]" = "";
				INFOPLIST_FILE = Profile/Info.plist;
				LD_RUNPATH_SEARCH_PATHS = "$(inherited) @executable_path/Frameworks";
				PRODUCT_NAME = "$(TARGET_NAME)";
				PROVISIONING_PROFILE = "dfd72b2b-53a9-4919-ae96-dc3c86bb64b0";
			};
			name = Release;
		};
		2537F4F119A7C814009EA4C4 /* Debug */ = {
			isa = XCBuildConfiguration;
			buildSettings = {
				BUNDLE_LOADER = "$(TEST_HOST)";
				FRAMEWORK_SEARCH_PATHS = (
					"$(SDKROOT)/Developer/Library/Frameworks",
					"$(inherited)",
				);
				GCC_PREPROCESSOR_DEFINITIONS = (
					"DEBUG=1",
					"$(inherited)",
				);
				INFOPLIST_FILE = ProfileTests/Info.plist;
				LD_RUNPATH_SEARCH_PATHS = "$(inherited) @executable_path/Frameworks @loader_path/Frameworks";
				PRODUCT_NAME = "$(TARGET_NAME)";
				TEST_HOST = "$(BUILT_PRODUCTS_DIR)/Profile.app/Profile";
			};
			name = Debug;
		};
		2537F4F219A7C814009EA4C4 /* Release */ = {
			isa = XCBuildConfiguration;
			buildSettings = {
				BUNDLE_LOADER = "$(TEST_HOST)";
				FRAMEWORK_SEARCH_PATHS = (
					"$(SDKROOT)/Developer/Library/Frameworks",
					"$(inherited)",
				);
				INFOPLIST_FILE = ProfileTests/Info.plist;
				LD_RUNPATH_SEARCH_PATHS = "$(inherited) @executable_path/Frameworks @loader_path/Frameworks";
				PRODUCT_NAME = "$(TARGET_NAME)";
				TEST_HOST = "$(BUILT_PRODUCTS_DIR)/Profile.app/Profile";
			};
			name = Release;
		};
/* End XCBuildConfiguration section */

/* Begin XCConfigurationList section */
		2537F4C819A7C814009EA4C4 /* Build configuration list for PBXProject "Profile" */ = {
			isa = XCConfigurationList;
			buildConfigurations = (
				2537F4EB19A7C814009EA4C4 /* Debug */,
				2537F4EC19A7C814009EA4C4 /* Release */,
			);
			defaultConfigurationIsVisible = 0;
			defaultConfigurationName = Release;
		};
		2537F4ED19A7C814009EA4C4 /* Build configuration list for PBXNativeTarget "Profile" */ = {
			isa = XCConfigurationList;
			buildConfigurations = (
				2537F4EE19A7C814009EA4C4 /* Debug */,
				2537F4EF19A7C814009EA4C4 /* Release */,
			);
			defaultConfigurationIsVisible = 0;
			defaultConfigurationName = Release;
		};
		2537F4F019A7C814009EA4C4 /* Build configuration list for PBXNativeTarget "ProfileTests" */ = {
			isa = XCConfigurationList;
			buildConfigurations = (
				2537F4F119A7C814009EA4C4 /* Debug */,
				2537F4F219A7C814009EA4C4 /* Release */,
			);
			defaultConfigurationIsVisible = 0;
			defaultConfigurationName = Release;
		};
/* End XCConfigurationList section */
	};
	rootObject = 2537F4C519A7C814009EA4C4 /* Project object */;
}
