// !$*UTF8*$!
{
	archiveVersion = 1;
	classes = {
	};
	objectVersion = 46;
	objects = {

/* Begin PBXBuildFile section */
		74BB8A8B19C743D40074B901 /* Schedule.h in CopyFiles */ = {isa = PBXBuildFile; fileRef = 74BB8A8A19C743D40074B901 /* Schedule.h */; };
		74BB8A8D19C743D40074B901 /* Schedule.m in Sources */ = {isa = PBXBuildFile; fileRef = 74BB8A8C19C743D40074B901 /* Schedule.m */; };
		74BB8A9319C743D40074B901 /* libSchedule.a in Frameworks */ = {isa = PBXBuildFile; fileRef = 74BB8A8719C743D40074B901 /* libSchedule.a */; };
/* End PBXBuildFile section */

/* Begin PBXContainerItemProxy section */
		74BB8A9419C743D40074B901 /* PBXContainerItemProxy */ = {
			isa = PBXContainerItemProxy;
			containerPortal = 74BB8A7F19C743D40074B901 /* Project object */;
			proxyType = 1;
			remoteGlobalIDString = 74BB8A8619C743D40074B901;
			remoteInfo = Schedule;
		};
/* End PBXContainerItemProxy section */

/* Begin PBXCopyFilesBuildPhase section */
		74BB8A8519C743D40074B901 /* CopyFiles */ = {
			isa = PBXCopyFilesBuildPhase;
			buildActionMask = 2147483647;
			dstPath = "include/$(PRODUCT_NAME)";
			dstSubfolderSpec = 16;
			files = (
				74BB8A8B19C743D40074B901 /* Schedule.h in CopyFiles */,
			);
			runOnlyForDeploymentPostprocessing = 0;
		};
/* End PBXCopyFilesBuildPhase section */

/* Begin PBXFileReference section */
		74BB8A8719C743D40074B901 /* libSchedule.a */ = {isa = PBXFileReference; explicitFileType = archive.ar; includeInIndex = 0; path = libSchedule.a; sourceTree = BUILT_PRODUCTS_DIR; };
		74BB8A8A19C743D40074B901 /* Schedule.h */ = {isa = PBXFileReference; lastKnownFileType = sourcecode.c.h; path = Schedule.h; sourceTree = "<group>"; };
		74BB8A8C19C743D40074B901 /* Schedule.m */ = {isa = PBXFileReference; lastKnownFileType = sourcecode.c.objc; path = Schedule.m; sourceTree = "<group>"; };
		74BB8A9219C743D40074B901 /* ScheduleTests.xctest */ = {isa = PBXFileReference; explicitFileType = wrapper.cfbundle; includeInIndex = 0; path = ScheduleTests.xctest; sourceTree = BUILT_PRODUCTS_DIR; };
		74BB8A9819C743D40074B901 /* Info.plist */ = {isa = PBXFileReference; lastKnownFileType = text.plist.xml; path = Info.plist; sourceTree = "<group>"; };
/* End PBXFileReference section */

/* Begin PBXFrameworksBuildPhase section */
		74BB8A8419C743D40074B901 /* Frameworks */ = {
			isa = PBXFrameworksBuildPhase;
			buildActionMask = 2147483647;
			files = (
			);
			runOnlyForDeploymentPostprocessing = 0;
		};
		74BB8A8F19C743D40074B901 /* Frameworks */ = {
			isa = PBXFrameworksBuildPhase;
			buildActionMask = 2147483647;
			files = (
				74BB8A9319C743D40074B901 /* libSchedule.a in Frameworks */,
			);
			runOnlyForDeploymentPostprocessing = 0;
		};
/* End PBXFrameworksBuildPhase section */

/* Begin PBXGroup section */
		74BB8A7E19C743D40074B901 = {
			isa = PBXGroup;
			children = (
				74BB8A8919C743D40074B901 /* Schedule */,
				74BB8A9619C743D40074B901 /* ScheduleTests */,
				74BB8A8819C743D40074B901 /* Products */,
			);
			sourceTree = "<group>";
		};
		74BB8A8819C743D40074B901 /* Products */ = {
			isa = PBXGroup;
			children = (
				74BB8A8719C743D40074B901 /* libSchedule.a */,
				74BB8A9219C743D40074B901 /* ScheduleTests.xctest */,
			);
			name = Products;
			sourceTree = "<group>";
		};
		74BB8A8919C743D40074B901 /* Schedule */ = {
			isa = PBXGroup;
			children = (
				74BB8A8A19C743D40074B901 /* Schedule.h */,
				74BB8A8C19C743D40074B901 /* Schedule.m */,
			);
			path = Schedule;
			sourceTree = "<group>";
		};
		74BB8A9619C743D40074B901 /* ScheduleTests */ = {
			isa = PBXGroup;
			children = (
				74BB8A9719C743D40074B901 /* Supporting Files */,
			);
			path = ScheduleTests;
			sourceTree = "<group>";
		};
		74BB8A9719C743D40074B901 /* Supporting Files */ = {
			isa = PBXGroup;
			children = (
				74BB8A9819C743D40074B901 /* Info.plist */,
			);
			name = "Supporting Files";
			sourceTree = "<group>";
		};
/* End PBXGroup section */

/* Begin PBXNativeTarget section */
		74BB8A8619C743D40074B901 /* Schedule */ = {
			isa = PBXNativeTarget;
			buildConfigurationList = 74BB8A9B19C743D40074B901 /* Build configuration list for PBXNativeTarget "Schedule" */;
			buildPhases = (
				74BB8A8319C743D40074B901 /* Sources */,
				74BB8A8419C743D40074B901 /* Frameworks */,
				74BB8A8519C743D40074B901 /* CopyFiles */,
			);
			buildRules = (
			);
			dependencies = (
			);
			name = Schedule;
			productName = Schedule;
			productReference = 74BB8A8719C743D40074B901 /* libSchedule.a */;
			productType = "com.apple.product-type.library.static";
		};
		74BB8A9119C743D40074B901 /* ScheduleTests */ = {
			isa = PBXNativeTarget;
			buildConfigurationList = 74BB8A9E19C743D40074B901 /* Build configuration list for PBXNativeTarget "ScheduleTests" */;
			buildPhases = (
				74BB8A8E19C743D40074B901 /* Sources */,
				74BB8A8F19C743D40074B901 /* Frameworks */,
				74BB8A9019C743D40074B901 /* Resources */,
			);
			buildRules = (
			);
			dependencies = (
				74BB8A9519C743D40074B901 /* PBXTargetDependency */,
			);
			name = ScheduleTests;
			productName = ScheduleTests;
			productReference = 74BB8A9219C743D40074B901 /* ScheduleTests.xctest */;
			productType = "com.apple.product-type.bundle.unit-test";
		};
/* End PBXNativeTarget section */

/* Begin PBXProject section */
		74BB8A7F19C743D40074B901 /* Project object */ = {
			isa = PBXProject;
			attributes = {
				LastUpgradeCheck = 0600;
				ORGANIZATIONNAME = "Y Media Labs";
				TargetAttributes = {
					74BB8A8619C743D40074B901 = {
						CreatedOnToolsVersion = 6.1;
					};
					74BB8A9119C743D40074B901 = {
						CreatedOnToolsVersion = 6.1;
					};
				};
			};
			buildConfigurationList = 74BB8A8219C743D40074B901 /* Build configuration list for PBXProject "Schedule" */;
			compatibilityVersion = "Xcode 3.2";
			developmentRegion = English;
			hasScannedForEncodings = 0;
			knownRegions = (
				en,
			);
			mainGroup = 74BB8A7E19C743D40074B901;
			productRefGroup = 74BB8A8819C743D40074B901 /* Products */;
			projectDirPath = "";
			projectRoot = "";
			targets = (
				74BB8A8619C743D40074B901 /* Schedule */,
				74BB8A9119C743D40074B901 /* ScheduleTests */,
			);
		};
/* End PBXProject section */

/* Begin PBXResourcesBuildPhase section */
		74BB8A9019C743D40074B901 /* Resources */ = {
			isa = PBXResourcesBuildPhase;
			buildActionMask = 2147483647;
			files = (
			);
			runOnlyForDeploymentPostprocessing = 0;
		};
/* End PBXResourcesBuildPhase section */

/* Begin PBXSourcesBuildPhase section */
		74BB8A8319C743D40074B901 /* Sources */ = {
			isa = PBXSourcesBuildPhase;
			buildActionMask = 2147483647;
			files = (
				74BB8A8D19C743D40074B901 /* Schedule.m in Sources */,
			);
			runOnlyForDeploymentPostprocessing = 0;
		};
		74BB8A8E19C743D40074B901 /* Sources */ = {
			isa = PBXSourcesBuildPhase;
			buildActionMask = 2147483647;
			files = (
			);
			runOnlyForDeploymentPostprocessing = 0;
		};
/* End PBXSourcesBuildPhase section */

/* Begin PBXTargetDependency section */
		74BB8A9519C743D40074B901 /* PBXTargetDependency */ = {
			isa = PBXTargetDependency;
			target = 74BB8A8619C743D40074B901 /* Schedule */;
			targetProxy = 74BB8A9419C743D40074B901 /* PBXContainerItemProxy */;
		};
/* End PBXTargetDependency section */

/* Begin XCBuildConfiguration section */
		74BB8A9919C743D40074B901 /* Debug */ = {
			isa = XCBuildConfiguration;
			buildSettings = {
				ALWAYS_SEARCH_USER_PATHS = NO;
				CLANG_CXX_LANGUAGE_STANDARD = "gnu++0x";
				CLANG_CXX_LIBRARY = "libc++";
				CLANG_ENABLE_MODULES = YES;
				CLANG_ENABLE_OBJC_ARC = YES;
				CLANG_WARN_BOOL_CONVERSION = YES;
				CLANG_WARN_CONSTANT_CONVERSION = YES;
				CLANG_WARN_DIRECT_OBJC_ISA_USAGE = YES_ERROR;
				CLANG_WARN_EMPTY_BODY = YES;
				CLANG_WARN_ENUM_CONVERSION = YES;
				CLANG_WARN_INT_CONVERSION = YES;
				CLANG_WARN_OBJC_ROOT_CLASS = YES_ERROR;
				CLANG_WARN_UNREACHABLE_CODE = YES;
				CLANG_WARN__DUPLICATE_METHOD_MATCH = YES;
				COPY_PHASE_STRIP = NO;
				ENABLE_STRICT_OBJC_MSGSEND = YES;
				GCC_C_LANGUAGE_STANDARD = gnu99;
				GCC_DYNAMIC_NO_PIC = NO;
				GCC_OPTIMIZATION_LEVEL = 0;
				GCC_PREPROCESSOR_DEFINITIONS = (
					"DEBUG=1",
					"$(inherited)",
				);
				GCC_SYMBOLS_PRIVATE_EXTERN = NO;
				GCC_WARN_64_TO_32_BIT_CONVERSION = YES;
				GCC_WARN_ABOUT_RETURN_TYPE = YES_ERROR;
				GCC_WARN_UNDECLARED_SELECTOR = YES;
				GCC_WARN_UNINITIALIZED_AUTOS = YES_AGGRESSIVE;
				GCC_WARN_UNUSED_FUNCTION = YES;
				GCC_WARN_UNUSED_VARIABLE = YES;
				IPHONEOS_DEPLOYMENT_TARGET = 8.0;
				MTL_ENABLE_DEBUG_INFO = YES;
				ONLY_ACTIVE_ARCH = YES;
				SDKROOT = iphoneos;
			};
			name = Debug;
		};
		74BB8A9A19C743D40074B901 /* Release */ = {
			isa = XCBuildConfiguration;
			buildSettings = {
				ALWAYS_SEARCH_USER_PATHS = NO;
				CLANG_CXX_LANGUAGE_STANDARD = "gnu++0x";
				CLANG_CXX_LIBRARY = "libc++";
				CLANG_ENABLE_MODULES = YES;
				CLANG_ENABLE_OBJC_ARC = YES;
				CLANG_WARN_BOOL_CONVERSION = YES;
				CLANG_WARN_CONSTANT_CONVERSION = YES;
				CLANG_WARN_DIRECT_OBJC_ISA_USAGE = YES_ERROR;
				CLANG_WARN_EMPTY_BODY = YES;
				CLANG_WARN_ENUM_CONVERSION = YES;
				CLANG_WARN_INT_CONVERSION = YES;
				CLANG_WARN_OBJC_ROOT_CLASS = YES_ERROR;
				CLANG_WARN_UNREACHABLE_CODE = YES;
				CLANG_WARN__DUPLICATE_METHOD_MATCH = YES;
				COPY_PHASE_STRIP = YES;
				ENABLE_NS_ASSERTIONS = NO;
				ENABLE_STRICT_OBJC_MSGSEND = YES;
				GCC_C_LANGUAGE_STANDARD = gnu99;
				GCC_WARN_64_TO_32_BIT_CONVERSION = YES;
				GCC_WARN_ABOUT_RETURN_TYPE = YES_ERROR;
				GCC_WARN_UNDECLARED_SELECTOR = YES;
				GCC_WARN_UNINITIALIZED_AUTOS = YES_AGGRESSIVE;
				GCC_WARN_UNUSED_FUNCTION = YES;
				GCC_WARN_UNUSED_VARIABLE = YES;
				IPHONEOS_DEPLOYMENT_TARGET = 8.0;
				MTL_ENABLE_DEBUG_INFO = NO;
				SDKROOT = iphoneos;
				VALIDATE_PRODUCT = YES;
			};
			name = Release;
		};
		74BB8A9C19C743D40074B901 /* Debug */ = {
			isa = XCBuildConfiguration;
			buildSettings = {
				OTHER_LDFLAGS = "-ObjC";
				PRODUCT_NAME = "$(TARGET_NAME)";
				SKIP_INSTALL = YES;
			};
			name = Debug;
		};
		74BB8A9D19C743D40074B901 /* Release */ = {
			isa = XCBuildConfiguration;
			buildSettings = {
				OTHER_LDFLAGS = "-ObjC";
				PRODUCT_NAME = "$(TARGET_NAME)";
				SKIP_INSTALL = YES;
			};
			name = Release;
		};
		74BB8A9F19C743D40074B901 /* Debug */ = {
			isa = XCBuildConfiguration;
			buildSettings = {
				FRAMEWORK_SEARCH_PATHS = (
					"$(SDKROOT)/Developer/Library/Frameworks",
					"$(inherited)",
				);
				GCC_PREPROCESSOR_DEFINITIONS = (
					"DEBUG=1",
					"$(inherited)",
				);
				INFOPLIST_FILE = ScheduleTests/Info.plist;
				LD_RUNPATH_SEARCH_PATHS = "$(inherited) @executable_path/Frameworks @loader_path/Frameworks";
				PRODUCT_NAME = "$(TARGET_NAME)";
			};
			name = Debug;
		};
		74BB8AA019C743D40074B901 /* Release */ = {
			isa = XCBuildConfiguration;
			buildSettings = {
				FRAMEWORK_SEARCH_PATHS = (
					"$(SDKROOT)/Developer/Library/Frameworks",
					"$(inherited)",
				);
				INFOPLIST_FILE = ScheduleTests/Info.plist;
				LD_RUNPATH_SEARCH_PATHS = "$(inherited) @executable_path/Frameworks @loader_path/Frameworks";
				PRODUCT_NAME = "$(TARGET_NAME)";
			};
			name = Release;
		};
/* End XCBuildConfiguration section */

/* Begin XCConfigurationList section */
		74BB8A8219C743D40074B901 /* Build configuration list for PBXProject "Schedule" */ = {
			isa = XCConfigurationList;
			buildConfigurations = (
				74BB8A9919C743D40074B901 /* Debug */,
				74BB8A9A19C743D40074B901 /* Release */,
			);
			defaultConfigurationIsVisible = 0;
			defaultConfigurationName = Release;
		};
		74BB8A9B19C743D40074B901 /* Build configuration list for PBXNativeTarget "Schedule" */ = {
			isa = XCConfigurationList;
			buildConfigurations = (
				74BB8A9C19C743D40074B901 /* Debug */,
				74BB8A9D19C743D40074B901 /* Release */,
			);
			defaultConfigurationIsVisible = 0;
		};
		74BB8A9E19C743D40074B901 /* Build configuration list for PBXNativeTarget "ScheduleTests" */ = {
			isa = XCConfigurationList;
			buildConfigurations = (
				74BB8A9F19C743D40074B901 /* Debug */,
				74BB8AA019C743D40074B901 /* Release */,
			);
			defaultConfigurationIsVisible = 0;
		};
/* End XCConfigurationList section */
	};
	rootObject = 74BB8A7F19C743D40074B901 /* Project object */;
}
