// !$*UTF8*$!
{
	archiveVersion = 1;
	classes = {
	};
	objectVersion = 46;
	objects = {

/* Begin PBXBuildFile section */
		B13036CD1A8FCB2200DAE9EA /* ORKDemoTests.m in Sources */ = {isa = PBXBuildFile; fileRef = B13036CC1A8FCB2200DAE9EA /* ORKDemoTests.m */; };
		B13036F71A8FCBC900DAE9EA /* APHBaselineSurvey.m in Sources */ = {isa = PBXBuildFile; fileRef = B13036E01A8FCBC900DAE9EA /* APHBaselineSurvey.m */; };
		B13036F81A8FCBC900DAE9EA /* AppDelegate.m in Sources */ = {isa = PBXBuildFile; fileRef = B13036E21A8FCBC900DAE9EA /* AppDelegate.m */; };
		B13036F91A8FCBC900DAE9EA /* BCS Enrollment Survey.json in Resources */ = {isa = PBXBuildFile; fileRef = B13036E31A8FCBC900DAE9EA /* BCS Enrollment Survey.json */; };
		B13036FA1A8FCBC900DAE9EA /* cardio_activity_sleep_survey.json in Resources */ = {isa = PBXBuildFile; fileRef = B13036E41A8FCBC900DAE9EA /* cardio_activity_sleep_survey.json */; };
		B13036FB1A8FCBC900DAE9EA /* CustomRecorder.m in Sources */ = {isa = PBXBuildFile; fileRef = B13036E61A8FCBC900DAE9EA /* CustomRecorder.m */; };
		B13036FC1A8FCBC900DAE9EA /* DynamicTask.m in Sources */ = {isa = PBXBuildFile; fileRef = B13036E81A8FCBC900DAE9EA /* DynamicTask.m */; };
		B13036FD1A8FCBC900DAE9EA /* image_example.png in Resources */ = {isa = PBXBuildFile; fileRef = B13036E91A8FCBC900DAE9EA /* image_example.png */; };
		B13036FE1A8FCBC900DAE9EA /* Images.xcassets in Resources */ = {isa = PBXBuildFile; fileRef = B13036EA1A8FCBC900DAE9EA /* Images.xcassets */; };
		B13036FF1A8FCBC900DAE9EA /* Info.plist in Resources */ = {isa = PBXBuildFile; fileRef = B13036EB1A8FCBC900DAE9EA /* Info.plist */; };
		B13037001A8FCBC900DAE9EA /* LaunchScreen.xib in Resources */ = {isa = PBXBuildFile; fileRef = B13036EC1A8FCBC900DAE9EA /* LaunchScreen.xib */; };
		B13037011A8FCBC900DAE9EA /* main.m in Sources */ = {isa = PBXBuildFile; fileRef = B13036ED1A8FCBC900DAE9EA /* main.m */; };
		B13037021A8FCBC900DAE9EA /* MainViewController.m in Sources */ = {isa = PBXBuildFile; fileRef = B13036EF1A8FCBC900DAE9EA /* MainViewController.m */; };
		B13037041A8FCBC900DAE9EA /* printing.pdf in Resources */ = {isa = PBXBuildFile; fileRef = B13036F11A8FCBC900DAE9EA /* printing.pdf */; };
		B13037051A8FCBC900DAE9EA /* signature.png in Resources */ = {isa = PBXBuildFile; fileRef = B13036F21A8FCBC900DAE9EA /* signature.png */; };
		B16798FE1A8FCD0300265D43 /* HealthKit.framework in Frameworks */ = {isa = PBXBuildFile; fileRef = B16798FD1A8FCD0300265D43 /* HealthKit.framework */; };
/* End PBXBuildFile section */

/* Begin PBXContainerItemProxy section */
		B13036C71A8FCB2200DAE9EA /* PBXContainerItemProxy */ = {
			isa = PBXContainerItemProxy;
			containerPortal = B13036A51A8FCB2200DAE9EA /* Project object */;
			proxyType = 1;
			remoteGlobalIDString = B13036AC1A8FCB2200DAE9EA;
			remoteInfo = ORKDemo;
		};
/* End PBXContainerItemProxy section */

/* Begin PBXFileReference section */
		B13036AD1A8FCB2200DAE9EA /* ORKDemo.app */ = {isa = PBXFileReference; explicitFileType = wrapper.application; includeInIndex = 0; path = ORKDemo.app; sourceTree = BUILT_PRODUCTS_DIR; };
		B13036C61A8FCB2200DAE9EA /* ORKDemoTests.xctest */ = {isa = PBXFileReference; explicitFileType = wrapper.cfbundle; includeInIndex = 0; path = ORKDemoTests.xctest; sourceTree = BUILT_PRODUCTS_DIR; };
		B13036CB1A8FCB2200DAE9EA /* Info.plist */ = {isa = PBXFileReference; lastKnownFileType = text.plist.xml; path = Info.plist; sourceTree = "<group>"; };
		B13036CC1A8FCB2200DAE9EA /* ORKDemoTests.m */ = {isa = PBXFileReference; lastKnownFileType = sourcecode.c.objc; path = ORKDemoTests.m; sourceTree = "<group>"; };
		B13036DF1A8FCBC900DAE9EA /* APHBaselineSurvey.h */ = {isa = PBXFileReference; fileEncoding = 4; lastKnownFileType = sourcecode.c.h; path = APHBaselineSurvey.h; sourceTree = "<group>"; };
		B13036E01A8FCBC900DAE9EA /* APHBaselineSurvey.m */ = {isa = PBXFileReference; fileEncoding = 4; lastKnownFileType = sourcecode.c.objc; path = APHBaselineSurvey.m; sourceTree = "<group>"; };
		B13036E11A8FCBC900DAE9EA /* AppDelegate.h */ = {isa = PBXFileReference; fileEncoding = 4; lastKnownFileType = sourcecode.c.h; path = AppDelegate.h; sourceTree = "<group>"; };
		B13036E21A8FCBC900DAE9EA /* AppDelegate.m */ = {isa = PBXFileReference; fileEncoding = 4; lastKnownFileType = sourcecode.c.objc; path = AppDelegate.m; sourceTree = "<group>"; };
		B13036E31A8FCBC900DAE9EA /* BCS Enrollment Survey.json */ = {isa = PBXFileReference; fileEncoding = 4; lastKnownFileType = text.json; path = "BCS Enrollment Survey.json"; sourceTree = "<group>"; };
		B13036E41A8FCBC900DAE9EA /* cardio_activity_sleep_survey.json */ = {isa = PBXFileReference; fileEncoding = 4; lastKnownFileType = text.json; path = cardio_activity_sleep_survey.json; sourceTree = "<group>"; };
		B13036E51A8FCBC900DAE9EA /* CustomRecorder.h */ = {isa = PBXFileReference; fileEncoding = 4; lastKnownFileType = sourcecode.c.h; path = CustomRecorder.h; sourceTree = "<group>"; };
		B13036E61A8FCBC900DAE9EA /* CustomRecorder.m */ = {isa = PBXFileReference; fileEncoding = 4; lastKnownFileType = sourcecode.c.objc; path = CustomRecorder.m; sourceTree = "<group>"; };
		B13036E71A8FCBC900DAE9EA /* DynamicTask.h */ = {isa = PBXFileReference; fileEncoding = 4; lastKnownFileType = sourcecode.c.h; path = DynamicTask.h; sourceTree = "<group>"; };
		B13036E81A8FCBC900DAE9EA /* DynamicTask.m */ = {isa = PBXFileReference; fileEncoding = 4; lastKnownFileType = sourcecode.c.objc; path = DynamicTask.m; sourceTree = "<group>"; };
		B13036E91A8FCBC900DAE9EA /* image_example.png */ = {isa = PBXFileReference; lastKnownFileType = image.png; path = image_example.png; sourceTree = "<group>"; };
		B13036EA1A8FCBC900DAE9EA /* Images.xcassets */ = {isa = PBXFileReference; lastKnownFileType = folder.assetcatalog; path = Images.xcassets; sourceTree = "<group>"; };
		B13036EB1A8FCBC900DAE9EA /* Info.plist */ = {isa = PBXFileReference; fileEncoding = 4; lastKnownFileType = text.plist.xml; path = Info.plist; sourceTree = "<group>"; };
		B13036EC1A8FCBC900DAE9EA /* LaunchScreen.xib */ = {isa = PBXFileReference; fileEncoding = 4; lastKnownFileType = file.xib; path = LaunchScreen.xib; sourceTree = "<group>"; };
		B13036ED1A8FCBC900DAE9EA /* main.m */ = {isa = PBXFileReference; fileEncoding = 4; lastKnownFileType = sourcecode.c.objc; path = main.m; sourceTree = "<group>"; };
		B13036EE1A8FCBC900DAE9EA /* MainViewController.h */ = {isa = PBXFileReference; fileEncoding = 4; lastKnownFileType = sourcecode.c.h; path = MainViewController.h; sourceTree = "<group>"; };
		B13036EF1A8FCBC900DAE9EA /* MainViewController.m */ = {isa = PBXFileReference; fileEncoding = 4; lastKnownFileType = sourcecode.c.objc; path = MainViewController.m; sourceTree = "<group>"; };
		B13036F11A8FCBC900DAE9EA /* printing.pdf */ = {isa = PBXFileReference; lastKnownFileType = image.pdf; path = printing.pdf; sourceTree = "<group>"; };
		B13036F21A8FCBC900DAE9EA /* signature.png */ = {isa = PBXFileReference; lastKnownFileType = image.png; path = signature.png; sourceTree = "<group>"; };
		B16798F91A8FCCE900265D43 /* ResearchKit.framework */ = {isa = PBXFileReference; lastKnownFileType = wrapper.framework; path = ResearchKit.framework; sourceTree = "<group>"; };
		B16798FD1A8FCD0300265D43 /* HealthKit.framework */ = {isa = PBXFileReference; lastKnownFileType = wrapper.framework; name = HealthKit.framework; path = System/Library/Frameworks/HealthKit.framework; sourceTree = SDKROOT; };
		B16798FF1A8FCD0300265D43 /* ORKDemo.entitlements */ = {isa = PBXFileReference; lastKnownFileType = text.xml; path = ORKDemo.entitlements; sourceTree = "<group>"; };
/* End PBXFileReference section */

/* Begin PBXFrameworksBuildPhase section */
		B13036AA1A8FCB2200DAE9EA /* Frameworks */ = {
			isa = PBXFrameworksBuildPhase;
			buildActionMask = 2147483647;
			files = (
				B16798FE1A8FCD0300265D43 /* HealthKit.framework in Frameworks */,
			);
			runOnlyForDeploymentPostprocessing = 0;
		};
		B13036C31A8FCB2200DAE9EA /* Frameworks */ = {
			isa = PBXFrameworksBuildPhase;
			buildActionMask = 2147483647;
			files = (
			);
			runOnlyForDeploymentPostprocessing = 0;
		};
/* End PBXFrameworksBuildPhase section */

/* Begin PBXGroup section */
		B13036A41A8FCB2200DAE9EA = {
			isa = PBXGroup;
			children = (
				B16798FD1A8FCD0300265D43 /* HealthKit.framework */,
				B16798F91A8FCCE900265D43 /* ResearchKit.framework */,
				B13036AF1A8FCB2200DAE9EA /* ORKDemo */,
				B13036C91A8FCB2200DAE9EA /* ORKDemoTests */,
				B13036AE1A8FCB2200DAE9EA /* Products */,
			);
			sourceTree = "<group>";
		};
		B13036AE1A8FCB2200DAE9EA /* Products */ = {
			isa = PBXGroup;
			children = (
				B13036AD1A8FCB2200DAE9EA /* ORKDemo.app */,
				B13036C61A8FCB2200DAE9EA /* ORKDemoTests.xctest */,
			);
			name = Products;
			sourceTree = "<group>";
		};
		B13036AF1A8FCB2200DAE9EA /* ORKDemo */ = {
			isa = PBXGroup;
			children = (
				B16798FF1A8FCD0300265D43 /* ORKDemo.entitlements */,
				B13036DF1A8FCBC900DAE9EA /* APHBaselineSurvey.h */,
				B13036E01A8FCBC900DAE9EA /* APHBaselineSurvey.m */,
				B13036E11A8FCBC900DAE9EA /* AppDelegate.h */,
				B13036E21A8FCBC900DAE9EA /* AppDelegate.m */,
				B13036E31A8FCBC900DAE9EA /* BCS Enrollment Survey.json */,
				B13036E41A8FCBC900DAE9EA /* cardio_activity_sleep_survey.json */,
				B13036E51A8FCBC900DAE9EA /* CustomRecorder.h */,
				B13036E61A8FCBC900DAE9EA /* CustomRecorder.m */,
				B13036E71A8FCBC900DAE9EA /* DynamicTask.h */,
				B13036E81A8FCBC900DAE9EA /* DynamicTask.m */,
				B13036E91A8FCBC900DAE9EA /* image_example.png */,
				B13036EA1A8FCBC900DAE9EA /* Images.xcassets */,
				B13036EB1A8FCBC900DAE9EA /* Info.plist */,
				B13036EC1A8FCBC900DAE9EA /* LaunchScreen.xib */,
				B13036ED1A8FCBC900DAE9EA /* main.m */,
				B13036EE1A8FCBC900DAE9EA /* MainViewController.h */,
				B13036EF1A8FCBC900DAE9EA /* MainViewController.m */,
				B13036F11A8FCBC900DAE9EA /* printing.pdf */,
				B13036F21A8FCBC900DAE9EA /* signature.png */,
			);
			path = ORKDemo;
			sourceTree = "<group>";
		};
		B13036C91A8FCB2200DAE9EA /* ORKDemoTests */ = {
			isa = PBXGroup;
			children = (
				B13036CC1A8FCB2200DAE9EA /* ORKDemoTests.m */,
				B13036CA1A8FCB2200DAE9EA /* Supporting Files */,
			);
			path = ORKDemoTests;
			sourceTree = "<group>";
		};
		B13036CA1A8FCB2200DAE9EA /* Supporting Files */ = {
			isa = PBXGroup;
			children = (
				B13036CB1A8FCB2200DAE9EA /* Info.plist */,
			);
			name = "Supporting Files";
			sourceTree = "<group>";
		};
/* End PBXGroup section */

/* Begin PBXNativeTarget section */
		B13036AC1A8FCB2200DAE9EA /* ORKDemo */ = {
			isa = PBXNativeTarget;
			buildConfigurationList = B13036D01A8FCB2200DAE9EA /* Build configuration list for PBXNativeTarget "ORKDemo" */;
			buildPhases = (
				B13036A91A8FCB2200DAE9EA /* Sources */,
				B13036AA1A8FCB2200DAE9EA /* Frameworks */,
				B13036AB1A8FCB2200DAE9EA /* Resources */,
			);
			buildRules = (
			);
			dependencies = (
			);
			name = ORKDemo;
			productName = ORKDemo;
			productReference = B13036AD1A8FCB2200DAE9EA /* ORKDemo.app */;
			productType = "com.apple.product-type.application";
		};
		B13036C51A8FCB2200DAE9EA /* ORKDemoTests */ = {
			isa = PBXNativeTarget;
			buildConfigurationList = B13036D31A8FCB2200DAE9EA /* Build configuration list for PBXNativeTarget "ORKDemoTests" */;
			buildPhases = (
				B13036C21A8FCB2200DAE9EA /* Sources */,
				B13036C31A8FCB2200DAE9EA /* Frameworks */,
				B13036C41A8FCB2200DAE9EA /* Resources */,
			);
			buildRules = (
			);
			dependencies = (
				B13036C81A8FCB2200DAE9EA /* PBXTargetDependency */,
			);
			name = ORKDemoTests;
			productName = ORKDemoTests;
			productReference = B13036C61A8FCB2200DAE9EA /* ORKDemoTests.xctest */;
			productType = "com.apple.product-type.bundle.unit-test";
		};
/* End PBXNativeTarget section */

/* Begin PBXProject section */
		B13036A51A8FCB2200DAE9EA /* Project object */ = {
			isa = PBXProject;
			attributes = {
				LastUpgradeCheck = 0620;
				ORGANIZATIONNAME = "Apple Inc.";
				TargetAttributes = {
					B13036AC1A8FCB2200DAE9EA = {
						CreatedOnToolsVersion = 6.2;
						DevelopmentTeam = 7JYUG8QGJ3;
						SystemCapabilities = {
							com.apple.HealthKit = {
								enabled = 1;
							};
						};
					};
					B13036C51A8FCB2200DAE9EA = {
						CreatedOnToolsVersion = 6.2;
						TestTargetID = B13036AC1A8FCB2200DAE9EA;
					};
				};
			};
			buildConfigurationList = B13036A81A8FCB2200DAE9EA /* Build configuration list for PBXProject "ORKDemo" */;
			compatibilityVersion = "Xcode 3.2";
			developmentRegion = English;
			hasScannedForEncodings = 0;
			knownRegions = (
				en,
				Base,
			);
			mainGroup = B13036A41A8FCB2200DAE9EA;
			productRefGroup = B13036AE1A8FCB2200DAE9EA /* Products */;
			projectDirPath = "";
			projectRoot = "";
			targets = (
				B13036AC1A8FCB2200DAE9EA /* ORKDemo */,
				B13036C51A8FCB2200DAE9EA /* ORKDemoTests */,
			);
		};
/* End PBXProject section */

/* Begin PBXResourcesBuildPhase section */
		B13036AB1A8FCB2200DAE9EA /* Resources */ = {
			isa = PBXResourcesBuildPhase;
			buildActionMask = 2147483647;
			files = (
				B13036FD1A8FCBC900DAE9EA /* image_example.png in Resources */,
				B13036FE1A8FCBC900DAE9EA /* Images.xcassets in Resources */,
				B13036FA1A8FCBC900DAE9EA /* cardio_activity_sleep_survey.json in Resources */,
				B13036FF1A8FCBC900DAE9EA /* Info.plist in Resources */,
				B13037001A8FCBC900DAE9EA /* LaunchScreen.xib in Resources */,
				B13037051A8FCBC900DAE9EA /* signature.png in Resources */,
				B13036F91A8FCBC900DAE9EA /* BCS Enrollment Survey.json in Resources */,
				B13037041A8FCBC900DAE9EA /* printing.pdf in Resources */,
			);
			runOnlyForDeploymentPostprocessing = 0;
		};
		B13036C41A8FCB2200DAE9EA /* Resources */ = {
			isa = PBXResourcesBuildPhase;
			buildActionMask = 2147483647;
			files = (
			);
			runOnlyForDeploymentPostprocessing = 0;
		};
/* End PBXResourcesBuildPhase section */

/* Begin PBXSourcesBuildPhase section */
		B13036A91A8FCB2200DAE9EA /* Sources */ = {
			isa = PBXSourcesBuildPhase;
			buildActionMask = 2147483647;
			files = (
				B13037011A8FCBC900DAE9EA /* main.m in Sources */,
				B13037021A8FCBC900DAE9EA /* MainViewController.m in Sources */,
				B13036FC1A8FCBC900DAE9EA /* DynamicTask.m in Sources */,
				B13036F81A8FCBC900DAE9EA /* AppDelegate.m in Sources */,
				B13036FB1A8FCBC900DAE9EA /* CustomRecorder.m in Sources */,
				B13036F71A8FCBC900DAE9EA /* APHBaselineSurvey.m in Sources */,
			);
			runOnlyForDeploymentPostprocessing = 0;
		};
		B13036C21A8FCB2200DAE9EA /* Sources */ = {
			isa = PBXSourcesBuildPhase;
			buildActionMask = 2147483647;
			files = (
				B13036CD1A8FCB2200DAE9EA /* ORKDemoTests.m in Sources */,
			);
			runOnlyForDeploymentPostprocessing = 0;
		};
/* End PBXSourcesBuildPhase section */

/* Begin PBXTargetDependency section */
		B13036C81A8FCB2200DAE9EA /* PBXTargetDependency */ = {
			isa = PBXTargetDependency;
			target = B13036AC1A8FCB2200DAE9EA /* ORKDemo */;
			targetProxy = B13036C71A8FCB2200DAE9EA /* PBXContainerItemProxy */;
		};
/* End PBXTargetDependency section */

/* Begin XCBuildConfiguration section */
		B13036CE1A8FCB2200DAE9EA /* Debug */ = {
			isa = XCBuildConfiguration;
			buildSettings = {
				ALWAYS_SEARCH_USER_PATHS = NO;
				CLANG_CXX_LANGUAGE_STANDARD = "gnu++0x";
				CLANG_CXX_LIBRARY = "libc++";
				CLANG_ENABLE_MODULES = YES;
				CLANG_ENABLE_OBJC_ARC = YES;
				CLANG_WARN_BOOL_CONVERSION = YES;
				CLANG_WARN_CONSTANT_CONVERSION = YES;
				CLANG_WARN_DIRECT_OBJC_ISA_USAGE = YES_ERROR;
				CLANG_WARN_EMPTY_BODY = YES;
				CLANG_WARN_ENUM_CONVERSION = YES;
				CLANG_WARN_INT_CONVERSION = YES;
				CLANG_WARN_OBJC_ROOT_CLASS = YES_ERROR;
				CLANG_WARN_UNREACHABLE_CODE = YES;
				CLANG_WARN__DUPLICATE_METHOD_MATCH = YES;
				"CODE_SIGN_IDENTITY[sdk=iphoneos*]" = "iPhone Developer";
				COPY_PHASE_STRIP = NO;
				ENABLE_STRICT_OBJC_MSGSEND = YES;
				GCC_C_LANGUAGE_STANDARD = gnu99;
				GCC_DYNAMIC_NO_PIC = NO;
				GCC_OPTIMIZATION_LEVEL = 0;
				GCC_PREPROCESSOR_DEFINITIONS = (
					"DEBUG=1",
					"$(inherited)",
				);
				GCC_SYMBOLS_PRIVATE_EXTERN = NO;
				GCC_WARN_64_TO_32_BIT_CONVERSION = YES;
				GCC_WARN_ABOUT_RETURN_TYPE = YES_ERROR;
				GCC_WARN_UNDECLARED_SELECTOR = YES;
				GCC_WARN_UNINITIALIZED_AUTOS = YES_AGGRESSIVE;
				GCC_WARN_UNUSED_FUNCTION = YES;
				GCC_WARN_UNUSED_VARIABLE = YES;
				IPHONEOS_DEPLOYMENT_TARGET = 8.2;
				MTL_ENABLE_DEBUG_INFO = YES;
				ONLY_ACTIVE_ARCH = YES;
				SDKROOT = iphoneos;
			};
			name = Debug;
		};
		B13036CF1A8FCB2200DAE9EA /* Release */ = {
			isa = XCBuildConfiguration;
			buildSettings = {
				ALWAYS_SEARCH_USER_PATHS = NO;
				CLANG_CXX_LANGUAGE_STANDARD = "gnu++0x";
				CLANG_CXX_LIBRARY = "libc++";
				CLANG_ENABLE_MODULES = YES;
				CLANG_ENABLE_OBJC_ARC = YES;
				CLANG_WARN_BOOL_CONVERSION = YES;
				CLANG_WARN_CONSTANT_CONVERSION = YES;
				CLANG_WARN_DIRECT_OBJC_ISA_USAGE = YES_ERROR;
				CLANG_WARN_EMPTY_BODY = YES;
				CLANG_WARN_ENUM_CONVERSION = YES;
				CLANG_WARN_INT_CONVERSION = YES;
				CLANG_WARN_OBJC_ROOT_CLASS = YES_ERROR;
				CLANG_WARN_UNREACHABLE_CODE = YES;
				CLANG_WARN__DUPLICATE_METHOD_MATCH = YES;
				"CODE_SIGN_IDENTITY[sdk=iphoneos*]" = "iPhone Developer";
				COPY_PHASE_STRIP = NO;
				ENABLE_NS_ASSERTIONS = NO;
				ENABLE_STRICT_OBJC_MSGSEND = YES;
				GCC_C_LANGUAGE_STANDARD = gnu99;
				GCC_WARN_64_TO_32_BIT_CONVERSION = YES;
				GCC_WARN_ABOUT_RETURN_TYPE = YES_ERROR;
				GCC_WARN_UNDECLARED_SELECTOR = YES;
				GCC_WARN_UNINITIALIZED_AUTOS = YES_AGGRESSIVE;
				GCC_WARN_UNUSED_FUNCTION = YES;
				GCC_WARN_UNUSED_VARIABLE = YES;
				IPHONEOS_DEPLOYMENT_TARGET = 8.2;
				MTL_ENABLE_DEBUG_INFO = NO;
				SDKROOT = iphoneos;
				VALIDATE_PRODUCT = YES;
			};
			name = Release;
		};
		B13036D11A8FCB2200DAE9EA /* Debug */ = {
			isa = XCBuildConfiguration;
			buildSettings = {
				ASSETCATALOG_COMPILER_APPICON_NAME = AppIcon;
				CODE_SIGN_ENTITLEMENTS = ORKDemo/ORKDemo.entitlements;
				FRAMEWORK_SEARCH_PATHS = (
					"$(inherited)",
					"$(PROJECT_DIR)",
				);
				INFOPLIST_FILE = ORKDemo/Info.plist;
				LD_RUNPATH_SEARCH_PATHS = "$(inherited) @executable_path/Frameworks";
				PRODUCT_NAME = "$(TARGET_NAME)";
			};
			name = Debug;
		};
		B13036D21A8FCB2200DAE9EA /* Release */ = {
			isa = XCBuildConfiguration;
			buildSettings = {
				ASSETCATALOG_COMPILER_APPICON_NAME = AppIcon;
				CODE_SIGN_ENTITLEMENTS = ORKDemo/ORKDemo.entitlements;
				FRAMEWORK_SEARCH_PATHS = (
					"$(inherited)",
					"$(PROJECT_DIR)",
				);
				INFOPLIST_FILE = ORKDemo/Info.plist;
				LD_RUNPATH_SEARCH_PATHS = "$(inherited) @executable_path/Frameworks";
				PRODUCT_NAME = "$(TARGET_NAME)";
			};
			name = Release;
		};
		B13036D41A8FCB2200DAE9EA /* Debug */ = {
			isa = XCBuildConfiguration;
			buildSettings = {
				BUNDLE_LOADER = "$(TEST_HOST)";
				FRAMEWORK_SEARCH_PATHS = (
					"$(SDKROOT)/Developer/Library/Frameworks",
					"$(inherited)",
				);
				GCC_PREPROCESSOR_DEFINITIONS = (
					"DEBUG=1",
					"$(inherited)",
				);
				INFOPLIST_FILE = ORKDemoTests/Info.plist;
				LD_RUNPATH_SEARCH_PATHS = "$(inherited) @executable_path/Frameworks @loader_path/Frameworks";
				PRODUCT_NAME = "$(TARGET_NAME)";
				TEST_HOST = "$(BUILT_PRODUCTS_DIR)/ORKDemo.app/ORKDemo";
			};
			name = Debug;
		};
		B13036D51A8FCB2200DAE9EA /* Release */ = {
			isa = XCBuildConfiguration;
			buildSettings = {
				BUNDLE_LOADER = "$(TEST_HOST)";
				FRAMEWORK_SEARCH_PATHS = (
					"$(SDKROOT)/Developer/Library/Frameworks",
					"$(inherited)",
				);
				INFOPLIST_FILE = ORKDemoTests/Info.plist;
				LD_RUNPATH_SEARCH_PATHS = "$(inherited) @executable_path/Frameworks @loader_path/Frameworks";
				PRODUCT_NAME = "$(TARGET_NAME)";
				TEST_HOST = "$(BUILT_PRODUCTS_DIR)/ORKDemo.app/ORKDemo";
			};
			name = Release;
		};
/* End XCBuildConfiguration section */

/* Begin XCConfigurationList section */
		B13036A81A8FCB2200DAE9EA /* Build configuration list for PBXProject "ORKDemo" */ = {
			isa = XCConfigurationList;
			buildConfigurations = (
				B13036CE1A8FCB2200DAE9EA /* Debug */,
				B13036CF1A8FCB2200DAE9EA /* Release */,
			);
			defaultConfigurationIsVisible = 0;
			defaultConfigurationName = Release;
		};
		B13036D01A8FCB2200DAE9EA /* Build configuration list for PBXNativeTarget "ORKDemo" */ = {
			isa = XCConfigurationList;
			buildConfigurations = (
				B13036D11A8FCB2200DAE9EA /* Debug */,
				B13036D21A8FCB2200DAE9EA /* Release */,
			);
			defaultConfigurationIsVisible = 0;
			defaultConfigurationName = Release;
		};
		B13036D31A8FCB2200DAE9EA /* Build configuration list for PBXNativeTarget "ORKDemoTests" */ = {
			isa = XCConfigurationList;
			buildConfigurations = (
				B13036D41A8FCB2200DAE9EA /* Debug */,
				B13036D51A8FCB2200DAE9EA /* Release */,
			);
			defaultConfigurationIsVisible = 0;
			defaultConfigurationName = Release;
		};
/* End XCConfigurationList section */
	};
	rootObject = B13036A51A8FCB2200DAE9EA /* Project object */;
}
