// !$*UTF8*$!
{
	archiveVersion = 1;
	classes = {
	};
	objectVersion = 46;
	objects = {

/* Begin PBXBuildFile section */
		251025ED199E890D009A38F6 /* Foundation.framework in Frameworks */ = {isa = PBXBuildFile; fileRef = 251025EC199E890D009A38F6 /* Foundation.framework */; };
		251025FB199E890D009A38F6 /* XCTest.framework in Frameworks */ = {isa = PBXBuildFile; fileRef = 251025FA199E890D009A38F6 /* XCTest.framework */; };
		251025FC199E890D009A38F6 /* Foundation.framework in Frameworks */ = {isa = PBXBuildFile; fileRef = 251025EC199E890D009A38F6 /* Foundation.framework */; };
		251025FE199E890D009A38F6 /* UIKit.framework in Frameworks */ = {isa = PBXBuildFile; fileRef = 251025FD199E890D009A38F6 /* UIKit.framework */; };
		25102601199E890D009A38F6 /* libParameter.a in Frameworks */ = {isa = PBXBuildFile; fileRef = 251025E9199E890D009A38F6 /* libParameter.a */; };
		25102607199E890D009A38F6 /* InfoPlist.strings in Resources */ = {isa = PBXBuildFile; fileRef = 25102605199E890D009A38F6 /* InfoPlist.strings */; };
		25102609199E890D009A38F6 /* ParameterTests.m in Sources */ = {isa = PBXBuildFile; fileRef = 25102608199E890D009A38F6 /* ParameterTests.m */; };
		2510261B199E8986009A38F6 /* ParametersViewController.m in Sources */ = {isa = PBXBuildFile; fileRef = 25102614199E8986009A38F6 /* ParametersViewController.m */; };
		2510261C199E8986009A38F6 /* InputCell.m in Sources */ = {isa = PBXBuildFile; fileRef = 25102616199E8986009A38F6 /* InputCell.m */; };
		2510261D199E8986009A38F6 /* Parameters.m in Sources */ = {isa = PBXBuildFile; fileRef = 25102618199E8986009A38F6 /* Parameters.m */; };
		2510261E199E8986009A38F6 /* NSString+Extension.m in Sources */ = {isa = PBXBuildFile; fileRef = 2510261A199E8986009A38F6 /* NSString+Extension.m */; };
/* End PBXBuildFile section */

/* Begin PBXContainerItemProxy section */
		251025FF199E890D009A38F6 /* PBXContainerItemProxy */ = {
			isa = PBXContainerItemProxy;
			containerPortal = 251025E1199E890D009A38F6 /* Project object */;
			proxyType = 1;
			remoteGlobalIDString = 251025E8199E890D009A38F6;
			remoteInfo = Parameter;
		};
/* End PBXContainerItemProxy section */

/* Begin PBXCopyFilesBuildPhase section */
		251025E7199E890D009A38F6 /* CopyFiles */ = {
			isa = PBXCopyFilesBuildPhase;
			buildActionMask = 2147483647;
			dstPath = "include/$(PRODUCT_NAME)";
			dstSubfolderSpec = 16;
			files = (
			);
			runOnlyForDeploymentPostprocessing = 0;
		};
/* End PBXCopyFilesBuildPhase section */

/* Begin PBXFileReference section */
		251025E9199E890D009A38F6 /* libParameter.a */ = {isa = PBXFileReference; explicitFileType = archive.ar; includeInIndex = 0; path = libParameter.a; sourceTree = BUILT_PRODUCTS_DIR; };
		251025EC199E890D009A38F6 /* Foundation.framework */ = {isa = PBXFileReference; lastKnownFileType = wrapper.framework; name = Foundation.framework; path = System/Library/Frameworks/Foundation.framework; sourceTree = SDKROOT; };
		251025F0199E890D009A38F6 /* Parameter-Prefix.pch */ = {isa = PBXFileReference; lastKnownFileType = sourcecode.c.h; path = "Parameter-Prefix.pch"; sourceTree = "<group>"; };
		251025F9199E890D009A38F6 /* ParameterTests.xctest */ = {isa = PBXFileReference; explicitFileType = wrapper.cfbundle; includeInIndex = 0; path = ParameterTests.xctest; sourceTree = BUILT_PRODUCTS_DIR; };
		251025FA199E890D009A38F6 /* XCTest.framework */ = {isa = PBXFileReference; lastKnownFileType = wrapper.framework; name = XCTest.framework; path = Library/Frameworks/XCTest.framework; sourceTree = DEVELOPER_DIR; };
		251025FD199E890D009A38F6 /* UIKit.framework */ = {isa = PBXFileReference; lastKnownFileType = wrapper.framework; name = UIKit.framework; path = Library/Frameworks/UIKit.framework; sourceTree = DEVELOPER_DIR; };
		25102604199E890D009A38F6 /* ParameterTests-Info.plist */ = {isa = PBXFileReference; lastKnownFileType = text.plist.xml; path = "ParameterTests-Info.plist"; sourceTree = "<group>"; };
		25102606199E890D009A38F6 /* en */ = {isa = PBXFileReference; lastKnownFileType = text.plist.strings; name = en; path = en.lproj/InfoPlist.strings; sourceTree = "<group>"; };
		25102608199E890D009A38F6 /* ParameterTests.m */ = {isa = PBXFileReference; lastKnownFileType = sourcecode.c.objc; path = ParameterTests.m; sourceTree = "<group>"; };
		25102612199E8986009A38F6 /* parameters.json */ = {isa = PBXFileReference; fileEncoding = 4; lastKnownFileType = text.json; path = parameters.json; sourceTree = "<group>"; };
		25102613199E8986009A38F6 /* ParametersViewController.h */ = {isa = PBXFileReference; fileEncoding = 4; lastKnownFileType = sourcecode.c.h; path = ParametersViewController.h; sourceTree = "<group>"; };
		25102614199E8986009A38F6 /* ParametersViewController.m */ = {isa = PBXFileReference; fileEncoding = 4; lastKnownFileType = sourcecode.c.objc; path = ParametersViewController.m; sourceTree = "<group>"; };
		25102615199E8986009A38F6 /* InputCell.h */ = {isa = PBXFileReference; fileEncoding = 4; lastKnownFileType = sourcecode.c.h; path = InputCell.h; sourceTree = "<group>"; };
		25102616199E8986009A38F6 /* InputCell.m */ = {isa = PBXFileReference; fileEncoding = 4; lastKnownFileType = sourcecode.c.objc; path = InputCell.m; sourceTree = "<group>"; };
		25102617199E8986009A38F6 /* Parameters.h */ = {isa = PBXFileReference; fileEncoding = 4; lastKnownFileType = sourcecode.c.h; path = Parameters.h; sourceTree = "<group>"; };
		25102618199E8986009A38F6 /* Parameters.m */ = {isa = PBXFileReference; fileEncoding = 4; lastKnownFileType = sourcecode.c.objc; path = Parameters.m; sourceTree = "<group>"; };
		25102619199E8986009A38F6 /* NSString+Extension.h */ = {isa = PBXFileReference; fileEncoding = 4; lastKnownFileType = sourcecode.c.h; path = "NSString+Extension.h"; sourceTree = "<group>"; };
		2510261A199E8986009A38F6 /* NSString+Extension.m */ = {isa = PBXFileReference; fileEncoding = 4; lastKnownFileType = sourcecode.c.objc; path = "NSString+Extension.m"; sourceTree = "<group>"; };
/* End PBXFileReference section */

/* Begin PBXFrameworksBuildPhase section */
		251025E6199E890D009A38F6 /* Frameworks */ = {
			isa = PBXFrameworksBuildPhase;
			buildActionMask = 2147483647;
			files = (
				251025ED199E890D009A38F6 /* Foundation.framework in Frameworks */,
			);
			runOnlyForDeploymentPostprocessing = 0;
		};
		251025F6199E890D009A38F6 /* Frameworks */ = {
			isa = PBXFrameworksBuildPhase;
			buildActionMask = 2147483647;
			files = (
				251025FB199E890D009A38F6 /* XCTest.framework in Frameworks */,
				25102601199E890D009A38F6 /* libParameter.a in Frameworks */,
				251025FE199E890D009A38F6 /* UIKit.framework in Frameworks */,
				251025FC199E890D009A38F6 /* Foundation.framework in Frameworks */,
			);
			runOnlyForDeploymentPostprocessing = 0;
		};
/* End PBXFrameworksBuildPhase section */

/* Begin PBXGroup section */
		251025E0199E890D009A38F6 = {
			isa = PBXGroup;
			children = (
				251025EE199E890D009A38F6 /* Parameter */,
				25102602199E890D009A38F6 /* ParameterTests */,
				251025EB199E890D009A38F6 /* Frameworks */,
				251025EA199E890D009A38F6 /* Products */,
			);
			sourceTree = "<group>";
		};
		251025EA199E890D009A38F6 /* Products */ = {
			isa = PBXGroup;
			children = (
				251025E9199E890D009A38F6 /* libParameter.a */,
				251025F9199E890D009A38F6 /* ParameterTests.xctest */,
			);
			name = Products;
			sourceTree = "<group>";
		};
		251025EB199E890D009A38F6 /* Frameworks */ = {
			isa = PBXGroup;
			children = (
				251025EC199E890D009A38F6 /* Foundation.framework */,
				251025FA199E890D009A38F6 /* XCTest.framework */,
				251025FD199E890D009A38F6 /* UIKit.framework */,
			);
			name = Frameworks;
			sourceTree = "<group>";
		};
		251025EE199E890D009A38F6 /* Parameter */ = {
			isa = PBXGroup;
			children = (
				25102612199E8986009A38F6 /* parameters.json */,
				25102613199E8986009A38F6 /* ParametersViewController.h */,
				25102614199E8986009A38F6 /* ParametersViewController.m */,
				25102615199E8986009A38F6 /* InputCell.h */,
				25102616199E8986009A38F6 /* InputCell.m */,
				25102617199E8986009A38F6 /* Parameters.h */,
				25102618199E8986009A38F6 /* Parameters.m */,
				25102619199E8986009A38F6 /* NSString+Extension.h */,
				2510261A199E8986009A38F6 /* NSString+Extension.m */,
				251025EF199E890D009A38F6 /* Supporting Files */,
			);
			path = Parameter;
			sourceTree = "<group>";
		};
		251025EF199E890D009A38F6 /* Supporting Files */ = {
			isa = PBXGroup;
			children = (
				251025F0199E890D009A38F6 /* Parameter-Prefix.pch */,
			);
			name = "Supporting Files";
			sourceTree = "<group>";
		};
		25102602199E890D009A38F6 /* ParameterTests */ = {
			isa = PBXGroup;
			children = (
				25102608199E890D009A38F6 /* ParameterTests.m */,
				25102603199E890D009A38F6 /* Supporting Files */,
			);
			path = ParameterTests;
			sourceTree = "<group>";
		};
		25102603199E890D009A38F6 /* Supporting Files */ = {
			isa = PBXGroup;
			children = (
				25102604199E890D009A38F6 /* ParameterTests-Info.plist */,
				25102605199E890D009A38F6 /* InfoPlist.strings */,
			);
			name = "Supporting Files";
			sourceTree = "<group>";
		};
/* End PBXGroup section */

/* Begin PBXNativeTarget section */
		251025E8199E890D009A38F6 /* Parameter */ = {
			isa = PBXNativeTarget;
			buildConfigurationList = 2510260C199E890D009A38F6 /* Build configuration list for PBXNativeTarget "Parameter" */;
			buildPhases = (
				251025E5199E890D009A38F6 /* Sources */,
				251025E6199E890D009A38F6 /* Frameworks */,
				251025E7199E890D009A38F6 /* CopyFiles */,
			);
			buildRules = (
			);
			dependencies = (
			);
			name = Parameter;
			productName = Parameter;
			productReference = 251025E9199E890D009A38F6 /* libParameter.a */;
			productType = "com.apple.product-type.library.static";
		};
		251025F8199E890D009A38F6 /* ParameterTests */ = {
			isa = PBXNativeTarget;
			buildConfigurationList = 2510260F199E890D009A38F6 /* Build configuration list for PBXNativeTarget "ParameterTests" */;
			buildPhases = (
				251025F5199E890D009A38F6 /* Sources */,
				251025F6199E890D009A38F6 /* Frameworks */,
				251025F7199E890D009A38F6 /* Resources */,
			);
			buildRules = (
			);
			dependencies = (
				25102600199E890D009A38F6 /* PBXTargetDependency */,
			);
			name = ParameterTests;
			productName = ParameterTests;
			productReference = 251025F9199E890D009A38F6 /* ParameterTests.xctest */;
			productType = "com.apple.product-type.bundle.unit-test";
		};
/* End PBXNativeTarget section */

/* Begin PBXProject section */
		251025E1199E890D009A38F6 /* Project object */ = {
			isa = PBXProject;
			attributes = {
				LastUpgradeCheck = 0510;
				ORGANIZATIONNAME = "Karthik Keyan";
			};
			buildConfigurationList = 251025E4199E890D009A38F6 /* Build configuration list for PBXProject "Parameter" */;
			compatibilityVersion = "Xcode 3.2";
			developmentRegion = English;
			hasScannedForEncodings = 0;
			knownRegions = (
				en,
			);
			mainGroup = 251025E0199E890D009A38F6;
			productRefGroup = 251025EA199E890D009A38F6 /* Products */;
			projectDirPath = "";
			projectRoot = "";
			targets = (
				251025E8199E890D009A38F6 /* Parameter */,
				251025F8199E890D009A38F6 /* ParameterTests */,
			);
		};
/* End PBXProject section */

/* Begin PBXResourcesBuildPhase section */
		251025F7199E890D009A38F6 /* Resources */ = {
			isa = PBXResourcesBuildPhase;
			buildActionMask = 2147483647;
			files = (
				25102607199E890D009A38F6 /* InfoPlist.strings in Resources */,
			);
			runOnlyForDeploymentPostprocessing = 0;
		};
/* End PBXResourcesBuildPhase section */

/* Begin PBXSourcesBuildPhase section */
		251025E5199E890D009A38F6 /* Sources */ = {
			isa = PBXSourcesBuildPhase;
			buildActionMask = 2147483647;
			files = (
				2510261C199E8986009A38F6 /* InputCell.m in Sources */,
				2510261B199E8986009A38F6 /* ParametersViewController.m in Sources */,
				2510261D199E8986009A38F6 /* Parameters.m in Sources */,
				2510261E199E8986009A38F6 /* NSString+Extension.m in Sources */,
			);
			runOnlyForDeploymentPostprocessing = 0;
		};
		251025F5199E890D009A38F6 /* Sources */ = {
			isa = PBXSourcesBuildPhase;
			buildActionMask = 2147483647;
			files = (
				25102609199E890D009A38F6 /* ParameterTests.m in Sources */,
			);
			runOnlyForDeploymentPostprocessing = 0;
		};
/* End PBXSourcesBuildPhase section */

/* Begin PBXTargetDependency section */
		25102600199E890D009A38F6 /* PBXTargetDependency */ = {
			isa = PBXTargetDependency;
			target = 251025E8199E890D009A38F6 /* Parameter */;
			targetProxy = 251025FF199E890D009A38F6 /* PBXContainerItemProxy */;
		};
/* End PBXTargetDependency section */

/* Begin PBXVariantGroup section */
		25102605199E890D009A38F6 /* InfoPlist.strings */ = {
			isa = PBXVariantGroup;
			children = (
				25102606199E890D009A38F6 /* en */,
			);
			name = InfoPlist.strings;
			sourceTree = "<group>";
		};
/* End PBXVariantGroup section */

/* Begin XCBuildConfiguration section */
		2510260A199E890D009A38F6 /* Debug */ = {
			isa = XCBuildConfiguration;
			buildSettings = {
				ALWAYS_SEARCH_USER_PATHS = NO;
				CLANG_CXX_LANGUAGE_STANDARD = "gnu++0x";
				CLANG_CXX_LIBRARY = "libc++";
				CLANG_ENABLE_MODULES = YES;
				CLANG_ENABLE_OBJC_ARC = YES;
				CLANG_WARN_BOOL_CONVERSION = YES;
				CLANG_WARN_CONSTANT_CONVERSION = YES;
				CLANG_WARN_DIRECT_OBJC_ISA_USAGE = YES_ERROR;
				CLANG_WARN_EMPTY_BODY = YES;
				CLANG_WARN_ENUM_CONVERSION = YES;
				CLANG_WARN_INT_CONVERSION = YES;
				CLANG_WARN_OBJC_ROOT_CLASS = YES_ERROR;
				CLANG_WARN__DUPLICATE_METHOD_MATCH = YES;
				COPY_PHASE_STRIP = NO;
				GCC_C_LANGUAGE_STANDARD = gnu99;
				GCC_DYNAMIC_NO_PIC = NO;
				GCC_OPTIMIZATION_LEVEL = 0;
				GCC_PREPROCESSOR_DEFINITIONS = (
					"DEBUG=1",
					"$(inherited)",
				);
				GCC_SYMBOLS_PRIVATE_EXTERN = NO;
				GCC_WARN_64_TO_32_BIT_CONVERSION = YES;
				GCC_WARN_ABOUT_RETURN_TYPE = YES_ERROR;
				GCC_WARN_UNDECLARED_SELECTOR = YES;
				GCC_WARN_UNINITIALIZED_AUTOS = YES_AGGRESSIVE;
				GCC_WARN_UNUSED_FUNCTION = YES;
				GCC_WARN_UNUSED_VARIABLE = YES;
				IPHONEOS_DEPLOYMENT_TARGET = 7.1;
				ONLY_ACTIVE_ARCH = YES;
				SDKROOT = iphoneos;
			};
			name = Debug;
		};
		2510260B199E890D009A38F6 /* Release */ = {
			isa = XCBuildConfiguration;
			buildSettings = {
				ALWAYS_SEARCH_USER_PATHS = NO;
				CLANG_CXX_LANGUAGE_STANDARD = "gnu++0x";
				CLANG_CXX_LIBRARY = "libc++";
				CLANG_ENABLE_MODULES = YES;
				CLANG_ENABLE_OBJC_ARC = YES;
				CLANG_WARN_BOOL_CONVERSION = YES;
				CLANG_WARN_CONSTANT_CONVERSION = YES;
				CLANG_WARN_DIRECT_OBJC_ISA_USAGE = YES_ERROR;
				CLANG_WARN_EMPTY_BODY = YES;
				CLANG_WARN_ENUM_CONVERSION = YES;
				CLANG_WARN_INT_CONVERSION = YES;
				CLANG_WARN_OBJC_ROOT_CLASS = YES_ERROR;
				CLANG_WARN__DUPLICATE_METHOD_MATCH = YES;
				COPY_PHASE_STRIP = YES;
				ENABLE_NS_ASSERTIONS = NO;
				GCC_C_LANGUAGE_STANDARD = gnu99;
				GCC_WARN_64_TO_32_BIT_CONVERSION = YES;
				GCC_WARN_ABOUT_RETURN_TYPE = YES_ERROR;
				GCC_WARN_UNDECLARED_SELECTOR = YES;
				GCC_WARN_UNINITIALIZED_AUTOS = YES_AGGRESSIVE;
				GCC_WARN_UNUSED_FUNCTION = YES;
				GCC_WARN_UNUSED_VARIABLE = YES;
				IPHONEOS_DEPLOYMENT_TARGET = 7.1;
				SDKROOT = iphoneos;
				VALIDATE_PRODUCT = YES;
			};
			name = Release;
		};
		2510260D199E890D009A38F6 /* Debug */ = {
			isa = XCBuildConfiguration;
			buildSettings = {
				DSTROOT = /tmp/Parameter.dst;
				GCC_PRECOMPILE_PREFIX_HEADER = YES;
				GCC_PREFIX_HEADER = "Parameter/Parameter-Prefix.pch";
				OTHER_LDFLAGS = "-ObjC";
				PRODUCT_NAME = "$(TARGET_NAME)";
				SKIP_INSTALL = YES;
			};
			name = Debug;
		};
		2510260E199E890D009A38F6 /* Release */ = {
			isa = XCBuildConfiguration;
			buildSettings = {
				DSTROOT = /tmp/Parameter.dst;
				GCC_PRECOMPILE_PREFIX_HEADER = YES;
				GCC_PREFIX_HEADER = "Parameter/Parameter-Prefix.pch";
				OTHER_LDFLAGS = "-ObjC";
				PRODUCT_NAME = "$(TARGET_NAME)";
				SKIP_INSTALL = YES;
			};
			name = Release;
		};
		25102610199E890D009A38F6 /* Debug */ = {
			isa = XCBuildConfiguration;
			buildSettings = {
				FRAMEWORK_SEARCH_PATHS = (
					"$(SDKROOT)/Developer/Library/Frameworks",
					"$(inherited)",
					"$(DEVELOPER_FRAMEWORKS_DIR)",
				);
				GCC_PRECOMPILE_PREFIX_HEADER = YES;
				GCC_PREFIX_HEADER = "Parameter/Parameter-Prefix.pch";
				GCC_PREPROCESSOR_DEFINITIONS = (
					"DEBUG=1",
					"$(inherited)",
				);
				INFOPLIST_FILE = "ParameterTests/ParameterTests-Info.plist";
				PRODUCT_NAME = "$(TARGET_NAME)";
				WRAPPER_EXTENSION = xctest;
			};
			name = Debug;
		};
		25102611199E890D009A38F6 /* Release */ = {
			isa = XCBuildConfiguration;
			buildSettings = {
				FRAMEWORK_SEARCH_PATHS = (
					"$(SDKROOT)/Developer/Library/Frameworks",
					"$(inherited)",
					"$(DEVELOPER_FRAMEWORKS_DIR)",
				);
				GCC_PRECOMPILE_PREFIX_HEADER = YES;
				GCC_PREFIX_HEADER = "Parameter/Parameter-Prefix.pch";
				INFOPLIST_FILE = "ParameterTests/ParameterTests-Info.plist";
				PRODUCT_NAME = "$(TARGET_NAME)";
				WRAPPER_EXTENSION = xctest;
			};
			name = Release;
		};
/* End XCBuildConfiguration section */

/* Begin XCConfigurationList section */
		251025E4199E890D009A38F6 /* Build configuration list for PBXProject "Parameter" */ = {
			isa = XCConfigurationList;
			buildConfigurations = (
				2510260A199E890D009A38F6 /* Debug */,
				2510260B199E890D009A38F6 /* Release */,
			);
			defaultConfigurationIsVisible = 0;
			defaultConfigurationName = Release;
		};
		2510260C199E890D009A38F6 /* Build configuration list for PBXNativeTarget "Parameter" */ = {
			isa = XCConfigurationList;
			buildConfigurations = (
				2510260D199E890D009A38F6 /* Debug */,
				2510260E199E890D009A38F6 /* Release */,
			);
			defaultConfigurationIsVisible = 0;
			defaultConfigurationName = Release;
		};
		2510260F199E890D009A38F6 /* Build configuration list for PBXNativeTarget "ParameterTests" */ = {
			isa = XCConfigurationList;
			buildConfigurations = (
				25102610199E890D009A38F6 /* Debug */,
				25102611199E890D009A38F6 /* Release */,
			);
			defaultConfigurationIsVisible = 0;
			defaultConfigurationName = Release;
		};
/* End XCConfigurationList section */
	};
	rootObject = 251025E1199E890D009A38F6 /* Project object */;
}
