// !$*UTF8*$!
{
	archiveVersion = 1;
	classes = {
	};
	objectVersion = 46;
	objects = {

/* Begin PBXBuildFile section */
		F560074E19A797E6009F877F /* NSError+APCAdditions.m in Sources */ = {isa = PBXBuildFile; fileRef = F560074D19A797E6009F877F /* NSError+APCAdditions.m */; };
		F560074F19A797E6009F877F /* NSError+APCAdditions.m in Sources */ = {isa = PBXBuildFile; fileRef = F560074D19A797E6009F877F /* NSError+APCAdditions.m */; };
		F560075219A7A502009F877F /* APCSageNetworkManager.m in Sources */ = {isa = PBXBuildFile; fileRef = F560075119A7A502009F877F /* APCSageNetworkManager.m */; };
		F560075319A7A502009F877F /* APCSageNetworkManager.m in Sources */ = {isa = PBXBuildFile; fileRef = F560075119A7A502009F877F /* APCSageNetworkManager.m */; };
		F560075519A7A81E009F877F /* APCSageNetworkManagerTest.m in Sources */ = {isa = PBXBuildFile; fileRef = F560075419A7A81E009F877F /* APCSageNetworkManagerTest.m */; };
		F58668B819A3D0E000E9C375 /* APCNetworkManagerTest.m in Sources */ = {isa = PBXBuildFile; fileRef = F58668B719A3D0E000E9C375 /* APCNetworkManagerTest.m */; };
		F58668B919A3D99400E9C375 /* APCNetworkManager.m in Sources */ = {isa = PBXBuildFile; fileRef = F5DAB56B199EC0D0008E4A8E /* APCNetworkManager.m */; };
		F58668BA19A3D99B00E9C375 /* Reachability.m in Sources */ = {isa = PBXBuildFile; fileRef = F59C278219A3B65700596ACC /* Reachability.m */; };
		F59C278319A3B65700596ACC /* Reachability.m in Sources */ = {isa = PBXBuildFile; fileRef = F59C278219A3B65700596ACC /* Reachability.m */; };
		F5DAB556199EBFF6008E4A8E /* APCAppleCore.h in CopyFiles */ = {isa = PBXBuildFile; fileRef = F5DAB555199EBFF6008E4A8E /* APCAppleCore.h */; };
		F5DAB56C199EC0D0008E4A8E /* APCNetworkManager.m in Sources */ = {isa = PBXBuildFile; fileRef = F5DAB56B199EC0D0008E4A8E /* APCNetworkManager.m */; };
		F5E4871219ABB1A300C86FC6 /* APCAppDelegate.m in Sources */ = {isa = PBXBuildFile; fileRef = F5E4871119ABB1A300C86FC6 /* APCAppDelegate.m */; };
		F5E4871319ABB1A300C86FC6 /* APCAppDelegate.m in Sources */ = {isa = PBXBuildFile; fileRef = F5E4871119ABB1A300C86FC6 /* APCAppDelegate.m */; };
		F5E4872419ABDBF000C86FC6 /* APCDataSubstrate.m in Sources */ = {isa = PBXBuildFile; fileRef = F5E4872319ABDBF000C86FC6 /* APCDataSubstrate.m */; };
		F5E4872519ABDBF000C86FC6 /* APCDataSubstrate.m in Sources */ = {isa = PBXBuildFile; fileRef = F5E4872319ABDBF000C86FC6 /* APCDataSubstrate.m */; };
		F5E4873419ABDEB500C86FC6 /* APCModel.xcdatamodeld in Sources */ = {isa = PBXBuildFile; fileRef = F5E4873219ABDEB500C86FC6 /* APCModel.xcdatamodeld */; };
		F5E4873519ABDEB500C86FC6 /* APCModel.xcdatamodeld in Sources */ = {isa = PBXBuildFile; fileRef = F5E4873219ABDEB500C86FC6 /* APCModel.xcdatamodeld */; };
		F5E4874319ABE1A400C86FC6 /* APCModel.xcdatamodeld in Sources */ = {isa = PBXBuildFile; fileRef = F5E4873219ABDEB500C86FC6 /* APCModel.xcdatamodeld */; };
/* End PBXBuildFile section */

/* Begin PBXCopyFilesBuildPhase section */
		F5DAB550199EBFF6008E4A8E /* CopyFiles */ = {
			isa = PBXCopyFilesBuildPhase;
			buildActionMask = 2147483647;
			dstPath = "include/$(PRODUCT_NAME)";
			dstSubfolderSpec = 16;
			files = (
				F5DAB556199EBFF6008E4A8E /* APCAppleCore.h in CopyFiles */,
			);
			runOnlyForDeploymentPostprocessing = 0;
		};
/* End PBXCopyFilesBuildPhase section */

/* Begin PBXFileReference section */
		F560074C19A797E6009F877F /* NSError+APCAdditions.h */ = {isa = PBXFileReference; fileEncoding = 4; lastKnownFileType = sourcecode.c.h; path = "NSError+APCAdditions.h"; sourceTree = "<group>"; };
		F560074D19A797E6009F877F /* NSError+APCAdditions.m */ = {isa = PBXFileReference; fileEncoding = 4; lastKnownFileType = sourcecode.c.objc; path = "NSError+APCAdditions.m"; sourceTree = "<group>"; };
		F560075019A7A502009F877F /* APCSageNetworkManager.h */ = {isa = PBXFileReference; fileEncoding = 4; lastKnownFileType = sourcecode.c.h; path = APCSageNetworkManager.h; sourceTree = "<group>"; };
		F560075119A7A502009F877F /* APCSageNetworkManager.m */ = {isa = PBXFileReference; fileEncoding = 4; lastKnownFileType = sourcecode.c.objc; path = APCSageNetworkManager.m; sourceTree = "<group>"; };
		F560075419A7A81E009F877F /* APCSageNetworkManagerTest.m */ = {isa = PBXFileReference; fileEncoding = 4; lastKnownFileType = sourcecode.c.objc; path = APCSageNetworkManagerTest.m; sourceTree = "<group>"; };
		F58668B719A3D0E000E9C375 /* APCNetworkManagerTest.m */ = {isa = PBXFileReference; fileEncoding = 4; lastKnownFileType = sourcecode.c.objc; path = APCNetworkManagerTest.m; sourceTree = "<group>"; };
		F59C278119A3B65700596ACC /* Reachability.h */ = {isa = PBXFileReference; fileEncoding = 4; lastKnownFileType = sourcecode.c.h; path = Reachability.h; sourceTree = "<group>"; };
		F59C278219A3B65700596ACC /* Reachability.m */ = {isa = PBXFileReference; fileEncoding = 4; lastKnownFileType = sourcecode.c.objc; path = Reachability.m; sourceTree = "<group>"; };
		F5BDD99819A401F2009921E7 /* README */ = {isa = PBXFileReference; fileEncoding = 4; lastKnownFileType = text; path = README; sourceTree = "<group>"; };
		F5DAB552199EBFF6008E4A8E /* libAPCAppleCore.a */ = {isa = PBXFileReference; explicitFileType = archive.ar; includeInIndex = 0; path = libAPCAppleCore.a; sourceTree = BUILT_PRODUCTS_DIR; };
		F5DAB555199EBFF6008E4A8E /* APCAppleCore.h */ = {isa = PBXFileReference; lastKnownFileType = sourcecode.c.h; path = APCAppleCore.h; sourceTree = "<group>"; };
		F5DAB55D199EBFF6008E4A8E /* APCAppleCoreTests.xctest */ = {isa = PBXFileReference; explicitFileType = wrapper.cfbundle; includeInIndex = 0; path = APCAppleCoreTests.xctest; sourceTree = BUILT_PRODUCTS_DIR; };
		F5DAB560199EBFF6008E4A8E /* Info.plist */ = {isa = PBXFileReference; lastKnownFileType = text.plist.xml; path = Info.plist; sourceTree = "<group>"; };
		F5DAB56A199EC0D0008E4A8E /* APCNetworkManager.h */ = {isa = PBXFileReference; fileEncoding = 4; lastKnownFileType = sourcecode.c.h; path = APCNetworkManager.h; sourceTree = "<group>"; };
		F5DAB56B199EC0D0008E4A8E /* APCNetworkManager.m */ = {isa = PBXFileReference; fileEncoding = 4; lastKnownFileType = sourcecode.c.objc; path = APCNetworkManager.m; sourceTree = "<group>"; };
		F5E4871019ABB1A300C86FC6 /* APCAppDelegate.h */ = {isa = PBXFileReference; fileEncoding = 4; lastKnownFileType = sourcecode.c.h; path = APCAppDelegate.h; sourceTree = "<group>"; };
		F5E4871119ABB1A300C86FC6 /* APCAppDelegate.m */ = {isa = PBXFileReference; fileEncoding = 4; lastKnownFileType = sourcecode.c.objc; path = APCAppDelegate.m; sourceTree = "<group>"; };
		F5E4872219ABDBF000C86FC6 /* APCDataSubstrate.h */ = {isa = PBXFileReference; fileEncoding = 4; lastKnownFileType = sourcecode.c.h; path = APCDataSubstrate.h; sourceTree = "<group>"; };
		F5E4872319ABDBF000C86FC6 /* APCDataSubstrate.m */ = {isa = PBXFileReference; fileEncoding = 4; lastKnownFileType = sourcecode.c.objc; path = APCDataSubstrate.m; sourceTree = "<group>"; };
		F5E4872D19ABDE6300C86FC6 /* Info.plist */ = {isa = PBXFileReference; lastKnownFileType = text.plist.xml; path = Info.plist; sourceTree = "<group>"; };
		F5E4873319ABDEB500C86FC6 /* APCModel.xcdatamodel */ = {isa = PBXFileReference; lastKnownFileType = wrapper.xcdatamodel; path = APCModel.xcdatamodel; sourceTree = "<group>"; };
		F5E4873C19ABE18000C86FC6 /* APCAppleCoreBundle.bundle */ = {isa = PBXFileReference; explicitFileType = wrapper.cfbundle; includeInIndex = 0; path = APCAppleCoreBundle.bundle; sourceTree = BUILT_PRODUCTS_DIR; };
/* End PBXFileReference section */

/* Begin PBXFrameworksBuildPhase section */
		F5DAB54F199EBFF6008E4A8E /* Frameworks */ = {
			isa = PBXFrameworksBuildPhase;
			buildActionMask = 2147483647;
			files = (
			);
			runOnlyForDeploymentPostprocessing = 0;
		};
		F5DAB55A199EBFF6008E4A8E /* Frameworks */ = {
			isa = PBXFrameworksBuildPhase;
			buildActionMask = 2147483647;
			files = (
			);
			runOnlyForDeploymentPostprocessing = 0;
		};
		F5E4873919ABE18000C86FC6 /* Frameworks */ = {
			isa = PBXFrameworksBuildPhase;
			buildActionMask = 2147483647;
			files = (
			);
			runOnlyForDeploymentPostprocessing = 0;
		};
/* End PBXFrameworksBuildPhase section */

/* Begin PBXGroup section */
		F560074A19A797CE009F877F /* Library */ = {
			isa = PBXGroup;
			children = (
				F560074B19A797CE009F877F /* Categories */,
			);
			path = Library;
			sourceTree = "<group>";
		};
		F560074B19A797CE009F877F /* Categories */ = {
			isa = PBXGroup;
			children = (
				F560074C19A797E6009F877F /* NSError+APCAdditions.h */,
				F560074D19A797E6009F877F /* NSError+APCAdditions.m */,
			);
			path = Categories;
			sourceTree = "<group>";
		};
		F59C277F19A3B65700596ACC /* Vendor */ = {
			isa = PBXGroup;
			children = (
				F59C278019A3B65700596ACC /* Reachability */,
			);
			path = Vendor;
			sourceTree = "<group>";
		};
		F59C278019A3B65700596ACC /* Reachability */ = {
			isa = PBXGroup;
			children = (
				F59C278119A3B65700596ACC /* Reachability.h */,
				F59C278219A3B65700596ACC /* Reachability.m */,
			);
			path = Reachability;
			sourceTree = "<group>";
		};
		F5DAB549199EBFF6008E4A8E = {
			isa = PBXGroup;
			children = (
				F5DAB554199EBFF6008E4A8E /* APCAppleCore */,
				F5DAB55E199EBFF6008E4A8E /* APCAppleCoreTests */,
				F5E4872B19ABDE6300C86FC6 /* APCAppleCoreBundle */,
				F5DAB553199EBFF6008E4A8E /* Products */,
			);
			sourceTree = "<group>";
		};
		F5DAB553199EBFF6008E4A8E /* Products */ = {
			isa = PBXGroup;
			children = (
				F5DAB552199EBFF6008E4A8E /* libAPCAppleCore.a */,
				F5DAB55D199EBFF6008E4A8E /* APCAppleCoreTests.xctest */,
				F5E4873C19ABE18000C86FC6 /* APCAppleCoreBundle.bundle */,
			);
			name = Products;
			sourceTree = "<group>";
		};
		F5DAB554199EBFF6008E4A8E /* APCAppleCore */ = {
			isa = PBXGroup;
			children = (
				F5BDD99819A401F2009921E7 /* README */,
				F5DAB555199EBFF6008E4A8E /* APCAppleCore.h */,
				F5E4871019ABB1A300C86FC6 /* APCAppDelegate.h */,
				F5E4871119ABB1A300C86FC6 /* APCAppDelegate.m */,
				F5DAB569199EC085008E4A8E /* NetworkLayer */,
				F5E4872119ABDBC800C86FC6 /* DataSubstrate */,
				F59C277F19A3B65700596ACC /* Vendor */,
				F560074A19A797CE009F877F /* Library */,
			);
			path = APCAppleCore;
			sourceTree = "<group>";
		};
		F5DAB55E199EBFF6008E4A8E /* APCAppleCoreTests */ = {
			isa = PBXGroup;
			children = (
				F58668B719A3D0E000E9C375 /* APCNetworkManagerTest.m */,
				F560075419A7A81E009F877F /* APCSageNetworkManagerTest.m */,
				F5DAB55F199EBFF6008E4A8E /* Supporting Files */,
			);
			path = APCAppleCoreTests;
			sourceTree = "<group>";
		};
		F5DAB55F199EBFF6008E4A8E /* Supporting Files */ = {
			isa = PBXGroup;
			children = (
				F5DAB560199EBFF6008E4A8E /* Info.plist */,
			);
			name = "Supporting Files";
			sourceTree = "<group>";
		};
		F5DAB569199EC085008E4A8E /* NetworkLayer */ = {
			isa = PBXGroup;
			children = (
				F5DAB56A199EC0D0008E4A8E /* APCNetworkManager.h */,
				F5DAB56B199EC0D0008E4A8E /* APCNetworkManager.m */,
				F560075019A7A502009F877F /* APCSageNetworkManager.h */,
				F560075119A7A502009F877F /* APCSageNetworkManager.m */,
			);
			path = NetworkLayer;
			sourceTree = "<group>";
		};
		F5E4872119ABDBC800C86FC6 /* DataSubstrate */ = {
			isa = PBXGroup;
			children = (
				F5E4873119ABDE8E00C86FC6 /* Model */,
				F5E4872219ABDBF000C86FC6 /* APCDataSubstrate.h */,
				F5E4872319ABDBF000C86FC6 /* APCDataSubstrate.m */,
			);
			path = DataSubstrate;
			sourceTree = "<group>";
		};
		F5E4872B19ABDE6300C86FC6 /* APCAppleCoreBundle */ = {
			isa = PBXGroup;
			children = (
				F5E4872C19ABDE6300C86FC6 /* Supporting Files */,
			);
			path = APCAppleCoreBundle;
			sourceTree = "<group>";
		};
		F5E4872C19ABDE6300C86FC6 /* Supporting Files */ = {
			isa = PBXGroup;
			children = (
				F5E4872D19ABDE6300C86FC6 /* Info.plist */,
			);
			name = "Supporting Files";
			sourceTree = "<group>";
		};
		F5E4873119ABDE8E00C86FC6 /* Model */ = {
			isa = PBXGroup;
			children = (
				F5E4873219ABDEB500C86FC6 /* APCModel.xcdatamodeld */,
			);
			path = Model;
			sourceTree = "<group>";
		};
/* End PBXGroup section */

/* Begin PBXNativeTarget section */
		F5DAB551199EBFF6008E4A8E /* APCAppleCore */ = {
			isa = PBXNativeTarget;
			buildConfigurationList = F5DAB563199EBFF6008E4A8E /* Build configuration list for PBXNativeTarget "APCAppleCore" */;
			buildPhases = (
				F5DAB54E199EBFF6008E4A8E /* Sources */,
				F5DAB54F199EBFF6008E4A8E /* Frameworks */,
				F5DAB550199EBFF6008E4A8E /* CopyFiles */,
			);
			buildRules = (
			);
			dependencies = (
			);
			name = APCAppleCore;
			productName = APCAppleCore;
			productReference = F5DAB552199EBFF6008E4A8E /* libAPCAppleCore.a */;
			productType = "com.apple.product-type.library.static";
		};
		F5DAB55C199EBFF6008E4A8E /* APCAppleCoreTests */ = {
			isa = PBXNativeTarget;
			buildConfigurationList = F5DAB566199EBFF6008E4A8E /* Build configuration list for PBXNativeTarget "APCAppleCoreTests" */;
			buildPhases = (
				F5DAB559199EBFF6008E4A8E /* Sources */,
				F5DAB55A199EBFF6008E4A8E /* Frameworks */,
				F5DAB55B199EBFF6008E4A8E /* Resources */,
			);
			buildRules = (
			);
			dependencies = (
			);
			name = APCAppleCoreTests;
			productName = APCAppleCoreTests;
			productReference = F5DAB55D199EBFF6008E4A8E /* APCAppleCoreTests.xctest */;
			productType = "com.apple.product-type.bundle.unit-test";
		};
		F5E4873B19ABE18000C86FC6 /* APCAppleCoreBundle */ = {
			isa = PBXNativeTarget;
			buildConfigurationList = F5E4874019ABE18000C86FC6 /* Build configuration list for PBXNativeTarget "APCAppleCoreBundle" */;
			buildPhases = (
				F5E4873819ABE18000C86FC6 /* Sources */,
				F5E4873919ABE18000C86FC6 /* Frameworks */,
				F5E4873A19ABE18000C86FC6 /* Resources */,
			);
			buildRules = (
			);
			dependencies = (
			);
			name = APCAppleCoreBundle;
			productName = APCAppleCoreBundle;
			productReference = F5E4873C19ABE18000C86FC6 /* APCAppleCoreBundle.bundle */;
			productType = "com.apple.product-type.bundle";
		};
/* End PBXNativeTarget section */

/* Begin PBXProject section */
		F5DAB54A199EBFF6008E4A8E /* Project object */ = {
			isa = PBXProject;
			attributes = {
				LastUpgradeCheck = 0600;
				ORGANIZATIONNAME = "Y Media Labs";
				TargetAttributes = {
					F5DAB551199EBFF6008E4A8E = {
						CreatedOnToolsVersion = 6.0;
					};
					F5DAB55C199EBFF6008E4A8E = {
						CreatedOnToolsVersion = 6.0;
					};
					F5E4873B19ABE18000C86FC6 = {
						CreatedOnToolsVersion = 6.0;
					};
				};
			};
			buildConfigurationList = F5DAB54D199EBFF6008E4A8E /* Build configuration list for PBXProject "APCAppleCore" */;
			compatibilityVersion = "Xcode 3.2";
			developmentRegion = English;
			hasScannedForEncodings = 0;
			knownRegions = (
				en,
			);
			mainGroup = F5DAB549199EBFF6008E4A8E;
			productRefGroup = F5DAB553199EBFF6008E4A8E /* Products */;
			projectDirPath = "";
			projectRoot = "";
			targets = (
				F5DAB551199EBFF6008E4A8E /* APCAppleCore */,
				F5DAB55C199EBFF6008E4A8E /* APCAppleCoreTests */,
				F5E4873B19ABE18000C86FC6 /* APCAppleCoreBundle */,
			);
		};
/* End PBXProject section */

/* Begin PBXResourcesBuildPhase section */
		F5DAB55B199EBFF6008E4A8E /* Resources */ = {
			isa = PBXResourcesBuildPhase;
			buildActionMask = 2147483647;
			files = (
			);
			runOnlyForDeploymentPostprocessing = 0;
		};
		F5E4873A19ABE18000C86FC6 /* Resources */ = {
			isa = PBXResourcesBuildPhase;
			buildActionMask = 2147483647;
			files = (
			);
			runOnlyForDeploymentPostprocessing = 0;
		};
/* End PBXResourcesBuildPhase section */

/* Begin PBXSourcesBuildPhase section */
		F5DAB54E199EBFF6008E4A8E /* Sources */ = {
			isa = PBXSourcesBuildPhase;
			buildActionMask = 2147483647;
			files = (
				F560074E19A797E6009F877F /* NSError+APCAdditions.m in Sources */,
				F5E4873419ABDEB500C86FC6 /* APCModel.xcdatamodeld in Sources */,
				F59C278319A3B65700596ACC /* Reachability.m in Sources */,
				F5E4872419ABDBF000C86FC6 /* APCDataSubstrate.m in Sources */,
				F5DAB56C199EC0D0008E4A8E /* APCNetworkManager.m in Sources */,
				F5E4871219ABB1A300C86FC6 /* APCAppDelegate.m in Sources */,
				F560075219A7A502009F877F /* APCSageNetworkManager.m in Sources */,
			);
			runOnlyForDeploymentPostprocessing = 0;
		};
		F5DAB559199EBFF6008E4A8E /* Sources */ = {
			isa = PBXSourcesBuildPhase;
			buildActionMask = 2147483647;
			files = (
				F5E4872519ABDBF000C86FC6 /* APCDataSubstrate.m in Sources */,
				F58668B819A3D0E000E9C375 /* APCNetworkManagerTest.m in Sources */,
				F5E4871319ABB1A300C86FC6 /* APCAppDelegate.m in Sources */,
				F58668BA19A3D99B00E9C375 /* Reachability.m in Sources */,
				F5E4873519ABDEB500C86FC6 /* APCModel.xcdatamodeld in Sources */,
				F560075319A7A502009F877F /* APCSageNetworkManager.m in Sources */,
				F560075519A7A81E009F877F /* APCSageNetworkManagerTest.m in Sources */,
				F560074F19A797E6009F877F /* NSError+APCAdditions.m in Sources */,
				F58668B919A3D99400E9C375 /* APCNetworkManager.m in Sources */,
			);
			runOnlyForDeploymentPostprocessing = 0;
		};
		F5E4873819ABE18000C86FC6 /* Sources */ = {
			isa = PBXSourcesBuildPhase;
			buildActionMask = 2147483647;
			files = (
				F5E4874319ABE1A400C86FC6 /* APCModel.xcdatamodeld in Sources */,
			);
			runOnlyForDeploymentPostprocessing = 0;
		};
/* End PBXSourcesBuildPhase section */

/* Begin XCBuildConfiguration section */
		F5DAB561199EBFF6008E4A8E /* Debug */ = {
			isa = XCBuildConfiguration;
			buildSettings = {
				ALWAYS_SEARCH_USER_PATHS = NO;
				CLANG_CXX_LANGUAGE_STANDARD = "gnu++0x";
				CLANG_CXX_LIBRARY = "libc++";
				CLANG_ENABLE_MODULES = YES;
				CLANG_ENABLE_OBJC_ARC = YES;
				CLANG_WARN_BOOL_CONVERSION = YES;
				CLANG_WARN_CONSTANT_CONVERSION = YES;
				CLANG_WARN_DIRECT_OBJC_ISA_USAGE = YES_ERROR;
				CLANG_WARN_EMPTY_BODY = YES;
				CLANG_WARN_ENUM_CONVERSION = YES;
				CLANG_WARN_INT_CONVERSION = YES;
				CLANG_WARN_OBJC_ROOT_CLASS = YES_ERROR;
				CLANG_WARN_UNREACHABLE_CODE = YES;
				CLANG_WARN__DUPLICATE_METHOD_MATCH = YES;
				COPY_PHASE_STRIP = NO;
				ENABLE_STRICT_OBJC_MSGSEND = YES;
				GCC_C_LANGUAGE_STANDARD = gnu99;
				GCC_DYNAMIC_NO_PIC = NO;
				GCC_OPTIMIZATION_LEVEL = 0;
				GCC_PREPROCESSOR_DEFINITIONS = (
					"DEBUG=1",
					"$(inherited)",
				);
				GCC_SYMBOLS_PRIVATE_EXTERN = NO;
				GCC_WARN_64_TO_32_BIT_CONVERSION = YES;
				GCC_WARN_ABOUT_RETURN_TYPE = YES_ERROR;
				GCC_WARN_UNDECLARED_SELECTOR = YES;
				GCC_WARN_UNINITIALIZED_AUTOS = YES_AGGRESSIVE;
				GCC_WARN_UNUSED_FUNCTION = YES;
				GCC_WARN_UNUSED_VARIABLE = YES;
				IPHONEOS_DEPLOYMENT_TARGET = 8.0;
				MTL_ENABLE_DEBUG_INFO = YES;
				ONLY_ACTIVE_ARCH = YES;
				SDKROOT = iphoneos;
			};
			name = Debug;
		};
		F5DAB562199EBFF6008E4A8E /* Release */ = {
			isa = XCBuildConfiguration;
			buildSettings = {
				ALWAYS_SEARCH_USER_PATHS = NO;
				CLANG_CXX_LANGUAGE_STANDARD = "gnu++0x";
				CLANG_CXX_LIBRARY = "libc++";
				CLANG_ENABLE_MODULES = YES;
				CLANG_ENABLE_OBJC_ARC = YES;
				CLANG_WARN_BOOL_CONVERSION = YES;
				CLANG_WARN_CONSTANT_CONVERSION = YES;
				CLANG_WARN_DIRECT_OBJC_ISA_USAGE = YES_ERROR;
				CLANG_WARN_EMPTY_BODY = YES;
				CLANG_WARN_ENUM_CONVERSION = YES;
				CLANG_WARN_INT_CONVERSION = YES;
				CLANG_WARN_OBJC_ROOT_CLASS = YES_ERROR;
				CLANG_WARN_UNREACHABLE_CODE = YES;
				CLANG_WARN__DUPLICATE_METHOD_MATCH = YES;
				COPY_PHASE_STRIP = YES;
				ENABLE_NS_ASSERTIONS = NO;
				ENABLE_STRICT_OBJC_MSGSEND = YES;
				GCC_C_LANGUAGE_STANDARD = gnu99;
				GCC_WARN_64_TO_32_BIT_CONVERSION = YES;
				GCC_WARN_ABOUT_RETURN_TYPE = YES_ERROR;
				GCC_WARN_UNDECLARED_SELECTOR = YES;
				GCC_WARN_UNINITIALIZED_AUTOS = YES_AGGRESSIVE;
				GCC_WARN_UNUSED_FUNCTION = YES;
				GCC_WARN_UNUSED_VARIABLE = YES;
				IPHONEOS_DEPLOYMENT_TARGET = 8.0;
				MTL_ENABLE_DEBUG_INFO = NO;
				SDKROOT = iphoneos;
				VALIDATE_PRODUCT = YES;
			};
			name = Release;
		};
		F5DAB564199EBFF6008E4A8E /* Debug */ = {
			isa = XCBuildConfiguration;
			buildSettings = {
				OTHER_LDFLAGS = "-ObjC";
				PRODUCT_NAME = "$(TARGET_NAME)";
				SKIP_INSTALL = YES;
			};
			name = Debug;
		};
		F5DAB565199EBFF6008E4A8E /* Release */ = {
			isa = XCBuildConfiguration;
			buildSettings = {
				OTHER_LDFLAGS = "-ObjC";
				PRODUCT_NAME = "$(TARGET_NAME)";
				SKIP_INSTALL = YES;
			};
			name = Release;
		};
		F5DAB567199EBFF6008E4A8E /* Debug */ = {
			isa = XCBuildConfiguration;
			buildSettings = {
				FRAMEWORK_SEARCH_PATHS = (
					"$(SDKROOT)/Developer/Library/Frameworks",
					"$(inherited)",
				);
				GCC_PREPROCESSOR_DEFINITIONS = (
					"DEBUG=1",
					"$(inherited)",
				);
				INFOPLIST_FILE = APCAppleCoreTests/Info.plist;
				LD_RUNPATH_SEARCH_PATHS = "$(inherited) @executable_path/Frameworks @loader_path/Frameworks";
				PRODUCT_NAME = "$(TARGET_NAME)";
			};
			name = Debug;
		};
		F5DAB568199EBFF6008E4A8E /* Release */ = {
			isa = XCBuildConfiguration;
			buildSettings = {
				FRAMEWORK_SEARCH_PATHS = (
					"$(SDKROOT)/Developer/Library/Frameworks",
					"$(inherited)",
				);
				INFOPLIST_FILE = APCAppleCoreTests/Info.plist;
				LD_RUNPATH_SEARCH_PATHS = "$(inherited) @executable_path/Frameworks @loader_path/Frameworks";
				PRODUCT_NAME = "$(TARGET_NAME)";
			};
			name = Release;
		};
		F5E4874119ABE18000C86FC6 /* Debug */ = {
			isa = XCBuildConfiguration;
			buildSettings = {
				COMBINE_HIDPI_IMAGES = YES;
				GCC_PREPROCESSOR_DEFINITIONS = (
					"DEBUG=1",
					"$(inherited)",
				);
				INFOPLIST_FILE = APCAppleCoreBundle/Info.plist;
				INSTALL_PATH = "$(LOCAL_LIBRARY_DIR)/Bundles";
				MACOSX_DEPLOYMENT_TARGET = 10.9;
				PRODUCT_NAME = "$(TARGET_NAME)";
				SDKROOT = iphoneos8.0;
				SKIP_INSTALL = YES;
				WRAPPER_EXTENSION = bundle;
			};
			name = Debug;
		};
		F5E4874219ABE18000C86FC6 /* Release */ = {
			isa = XCBuildConfiguration;
			buildSettings = {
				COMBINE_HIDPI_IMAGES = YES;
				DEBUG_INFORMATION_FORMAT = "dwarf-with-dsym";
				INFOPLIST_FILE = APCAppleCoreBundle/Info.plist;
				INSTALL_PATH = "$(LOCAL_LIBRARY_DIR)/Bundles";
				MACOSX_DEPLOYMENT_TARGET = 10.9;
				PRODUCT_NAME = "$(TARGET_NAME)";
				SDKROOT = iphoneos8.0;
				SKIP_INSTALL = YES;
				WRAPPER_EXTENSION = bundle;
			};
			name = Release;
		};
/* End XCBuildConfiguration section */

/* Begin XCConfigurationList section */
		F5DAB54D199EBFF6008E4A8E /* Build configuration list for PBXProject "APCAppleCore" */ = {
			isa = XCConfigurationList;
			buildConfigurations = (
				F5DAB561199EBFF6008E4A8E /* Debug */,
				F5DAB562199EBFF6008E4A8E /* Release */,
			);
			defaultConfigurationIsVisible = 0;
			defaultConfigurationName = Release;
		};
		F5DAB563199EBFF6008E4A8E /* Build configuration list for PBXNativeTarget "APCAppleCore" */ = {
			isa = XCConfigurationList;
			buildConfigurations = (
				F5DAB564199EBFF6008E4A8E /* Debug */,
				F5DAB565199EBFF6008E4A8E /* Release */,
			);
			defaultConfigurationIsVisible = 0;
			defaultConfigurationName = Release;
		};
		F5DAB566199EBFF6008E4A8E /* Build configuration list for PBXNativeTarget "APCAppleCoreTests" */ = {
			isa = XCConfigurationList;
			buildConfigurations = (
				F5DAB567199EBFF6008E4A8E /* Debug */,
				F5DAB568199EBFF6008E4A8E /* Release */,
			);
			defaultConfigurationIsVisible = 0;
			defaultConfigurationName = Release;
		};
		F5E4874019ABE18000C86FC6 /* Build configuration list for PBXNativeTarget "APCAppleCoreBundle" */ = {
			isa = XCConfigurationList;
			buildConfigurations = (
				F5E4874119ABE18000C86FC6 /* Debug */,
				F5E4874219ABE18000C86FC6 /* Release */,
			);
			defaultConfigurationIsVisible = 0;
			defaultConfigurationName = Release;
		};
/* End XCConfigurationList section */

/* Begin XCVersionGroup section */
		F5E4873219ABDEB500C86FC6 /* APCModel.xcdatamodeld */ = {
			isa = XCVersionGroup;
			children = (
				F5E4873319ABDEB500C86FC6 /* APCModel.xcdatamodel */,
			);
			currentVersion = F5E4873319ABDEB500C86FC6 /* APCModel.xcdatamodel */;
			path = APCModel.xcdatamodeld;
			sourceTree = "<group>";
			versionGroupType = wrapper.xcdatamodel;
		};
/* End XCVersionGroup section */
	};
	rootObject = F5DAB54A199EBFF6008E4A8E /* Project object */;
}
