// !$*UTF8*$!
{
	archiveVersion = 1;
	classes = {
	};
	objectVersion = 46;
	objects = {

/* Begin PBXBuildFile section */
		7B22812219C21937004BBECF /* APCParametersTest.m in Sources */ = {isa = PBXBuildFile; fileRef = 7B22812119C21937004BBECF /* APCParametersTest.m */; };
		7BBBEEEE19BFCB28009F2669 /* parameters.json in Resources */ = {isa = PBXBuildFile; fileRef = 7BBBEEEA19BFCB28009F2669 /* parameters.json */; };
		7BBBEEEF19BFCB28009F2669 /* APCParameters.m in Sources */ = {isa = PBXBuildFile; fileRef = 7BBBEEEB19BFCB28009F2669 /* APCParameters.m */; };
		7BBBEEF019BFCB28009F2669 /* APCParameters.m in Sources */ = {isa = PBXBuildFile; fileRef = 7BBBEEEB19BFCB28009F2669 /* APCParameters.m */; };
		7BE3200F19B1387E00E5E32D /* APCScheduledTask.m in Sources */ = {isa = PBXBuildFile; fileRef = 7BE3200E19B1387E00E5E32D /* APCScheduledTask.m */; };
		7BE3201019B1387E00E5E32D /* APCScheduledTask.m in Sources */ = {isa = PBXBuildFile; fileRef = 7BE3200E19B1387E00E5E32D /* APCScheduledTask.m */; };
		7BFEB4B519B0DA0A0009C917 /* APCSchedulerTestCase.m in Sources */ = {isa = PBXBuildFile; fileRef = 7BFEB4B419B0DA0A0009C917 /* APCSchedulerTestCase.m */; };
		F5241C5919ACFEE50098A4DF /* APCDataSubstrate+ResearchKit.m in Sources */ = {isa = PBXBuildFile; fileRef = F5241C5819ACFEE50098A4DF /* APCDataSubstrate+ResearchKit.m */; };
		F5241C5A19ACFEE50098A4DF /* APCDataSubstrate+ResearchKit.m in Sources */ = {isa = PBXBuildFile; fileRef = F5241C5819ACFEE50098A4DF /* APCDataSubstrate+ResearchKit.m */; };
		F5241C5D19ACFF070098A4DF /* APCDataSubstrate+CoreData.m in Sources */ = {isa = PBXBuildFile; fileRef = F5241C5C19ACFF070098A4DF /* APCDataSubstrate+CoreData.m */; };
		F5241C5E19ACFF070098A4DF /* APCDataSubstrate+CoreData.m in Sources */ = {isa = PBXBuildFile; fileRef = F5241C5C19ACFF070098A4DF /* APCDataSubstrate+CoreData.m */; };
		F5241C9019AD4CB20098A4DF /* ResearchKit.framework in Frameworks */ = {isa = PBXBuildFile; fileRef = F5241C8E19AD4CB20098A4DF /* ResearchKit.framework */; };
		F5241C9119AD4CB20098A4DF /* ResearchKit.framework in Frameworks */ = {isa = PBXBuildFile; fileRef = F5241C8E19AD4CB20098A4DF /* ResearchKit.framework */; };
		F5241CA219AD57230098A4DF /* libbz2.dylib in Frameworks */ = {isa = PBXBuildFile; fileRef = F5241CA019AD56E30098A4DF /* libbz2.dylib */; };
		F5241CA319AD572A0098A4DF /* libarchive.dylib in Frameworks */ = {isa = PBXBuildFile; fileRef = F5241C6E19AD3CC80098A4DF /* libarchive.dylib */; };
		F5241CA419AD57310098A4DF /* libz.dylib in Frameworks */ = {isa = PBXBuildFile; fileRef = F5241C7019AD3CCF0098A4DF /* libz.dylib */; };
		F54513C319BE76EE00988651 /* APCScheduleInterpreter.m in Sources */ = {isa = PBXBuildFile; fileRef = F54513C019BE76EE00988651 /* APCScheduleInterpreter.m */; };
		F54513C419BE76EE00988651 /* APCScheduleInterpreter.m in Sources */ = {isa = PBXBuildFile; fileRef = F54513C019BE76EE00988651 /* APCScheduleInterpreter.m */; };
		F54513C519BE76EE00988651 /* APCScheduler.m in Sources */ = {isa = PBXBuildFile; fileRef = F54513C219BE76EE00988651 /* APCScheduler.m */; };
		F54513C619BE76EE00988651 /* APCScheduler.m in Sources */ = {isa = PBXBuildFile; fileRef = F54513C219BE76EE00988651 /* APCScheduler.m */; };
		F560074E19A797E6009F877F /* NSError+APCAdditions.m in Sources */ = {isa = PBXBuildFile; fileRef = F560074D19A797E6009F877F /* NSError+APCAdditions.m */; };
		F560074F19A797E6009F877F /* NSError+APCAdditions.m in Sources */ = {isa = PBXBuildFile; fileRef = F560074D19A797E6009F877F /* NSError+APCAdditions.m */; };
		F560075219A7A502009F877F /* APCSageNetworkManager.m in Sources */ = {isa = PBXBuildFile; fileRef = F560075119A7A502009F877F /* APCSageNetworkManager.m */; };
		F560075319A7A502009F877F /* APCSageNetworkManager.m in Sources */ = {isa = PBXBuildFile; fileRef = F560075119A7A502009F877F /* APCSageNetworkManager.m */; };
		F560075519A7A81E009F877F /* APCSageNetworkManagerTest.m in Sources */ = {isa = PBXBuildFile; fileRef = F560075419A7A81E009F877F /* APCSageNetworkManagerTest.m */; };
		F58668B819A3D0E000E9C375 /* APCNetworkManagerTest.m in Sources */ = {isa = PBXBuildFile; fileRef = F58668B719A3D0E000E9C375 /* APCNetworkManagerTest.m */; };
		F58668B919A3D99400E9C375 /* APCNetworkManager.m in Sources */ = {isa = PBXBuildFile; fileRef = F5DAB56B199EC0D0008E4A8E /* APCNetworkManager.m */; };
		F58668BA19A3D99B00E9C375 /* Reachability.m in Sources */ = {isa = PBXBuildFile; fileRef = F59C278219A3B65700596ACC /* Reachability.m */; };
		F594B4C019AFA2ED00AD19C9 /* APCDataMonitor.m in Sources */ = {isa = PBXBuildFile; fileRef = F594B4BF19AFA2ED00AD19C9 /* APCDataMonitor.m */; };
		F594B4C119AFA2ED00AD19C9 /* APCDataMonitor.m in Sources */ = {isa = PBXBuildFile; fileRef = F594B4BF19AFA2ED00AD19C9 /* APCDataMonitor.m */; };
		F59C278319A3B65700596ACC /* Reachability.m in Sources */ = {isa = PBXBuildFile; fileRef = F59C278219A3B65700596ACC /* Reachability.m */; };
		F5A8F36719AFC9B0008C9F9C /* APCTask+AddOn.m in Sources */ = {isa = PBXBuildFile; fileRef = F5A8F36619AFC9B0008C9F9C /* APCTask+AddOn.m */; };
		F5A8F36819AFC9B0008C9F9C /* APCTask+AddOn.m in Sources */ = {isa = PBXBuildFile; fileRef = F5A8F36619AFC9B0008C9F9C /* APCTask+AddOn.m */; };
		F5A8F36B19AFE756008C9F9C /* NSManagedObject+APCHelper.m in Sources */ = {isa = PBXBuildFile; fileRef = F5A8F36A19AFE756008C9F9C /* NSManagedObject+APCHelper.m */; };
		F5A8F36C19AFE757008C9F9C /* NSManagedObject+APCHelper.m in Sources */ = {isa = PBXBuildFile; fileRef = F5A8F36A19AFE756008C9F9C /* NSManagedObject+APCHelper.m */; };
		F5A8F37019B0FDF8008C9F9C /* APCTask.m in Sources */ = {isa = PBXBuildFile; fileRef = F5A8F36F19B0FDF8008C9F9C /* APCTask.m */; };
		F5A8F37119B0FDF8008C9F9C /* APCTask.m in Sources */ = {isa = PBXBuildFile; fileRef = F5A8F36F19B0FDF8008C9F9C /* APCTask.m */; };
		F5A8F37819B0FDF8008C9F9C /* APCResult.m in Sources */ = {isa = PBXBuildFile; fileRef = F5A8F37719B0FDF8008C9F9C /* APCResult.m */; };
		F5A8F37919B0FDF8008C9F9C /* APCResult.m in Sources */ = {isa = PBXBuildFile; fileRef = F5A8F37719B0FDF8008C9F9C /* APCResult.m */; };
		F5A8F37C19B0FDF8008C9F9C /* APCSchedule.m in Sources */ = {isa = PBXBuildFile; fileRef = F5A8F37B19B0FDF8008C9F9C /* APCSchedule.m */; };
		F5A8F37D19B0FDF8008C9F9C /* APCSchedule.m in Sources */ = {isa = PBXBuildFile; fileRef = F5A8F37B19B0FDF8008C9F9C /* APCSchedule.m */; };
		F5A8F38019B0FF78008C9F9C /* APCSchedule+AddOn.m in Sources */ = {isa = PBXBuildFile; fileRef = F5A8F37F19B0FF78008C9F9C /* APCSchedule+AddOn.m */; };
		F5A8F38119B0FF78008C9F9C /* APCSchedule+AddOn.m in Sources */ = {isa = PBXBuildFile; fileRef = F5A8F37F19B0FF78008C9F9C /* APCSchedule+AddOn.m */; };
		F5A8F38819B100E9008C9F9C /* APCScheduledTask+AddOn.m in Sources */ = {isa = PBXBuildFile; fileRef = F5A8F38719B100E9008C9F9C /* APCScheduledTask+AddOn.m */; };
		F5A8F38919B100E9008C9F9C /* APCScheduledTask+AddOn.m in Sources */ = {isa = PBXBuildFile; fileRef = F5A8F38719B100E9008C9F9C /* APCScheduledTask+AddOn.m */; };
		F5A8F38C19B1011F008C9F9C /* APCResult+AddOn.m in Sources */ = {isa = PBXBuildFile; fileRef = F5A8F38B19B1011F008C9F9C /* APCResult+AddOn.m */; };
		F5A8F38D19B1011F008C9F9C /* APCResult+AddOn.m in Sources */ = {isa = PBXBuildFile; fileRef = F5A8F38B19B1011F008C9F9C /* APCResult+AddOn.m */; };
		F5A8F38F19B10263008C9F9C /* MODEL_README in Resources */ = {isa = PBXBuildFile; fileRef = F5A8F38E19B10263008C9F9C /* MODEL_README */; };
		F5AC934119C0EBCA0062C89A /* APCDBStatus.m in Sources */ = {isa = PBXBuildFile; fileRef = F5B39FC019BFA39700CA7B8C /* APCDBStatus.m */; };
		F5B39FC119BFA39700CA7B8C /* APCDBStatus.m in Sources */ = {isa = PBXBuildFile; fileRef = F5B39FC019BFA39700CA7B8C /* APCDBStatus.m */; };
		F5B39FC419BFA3C300CA7B8C /* APCDBStatus+AddOn.m in Sources */ = {isa = PBXBuildFile; fileRef = F5B39FC319BFA3C300CA7B8C /* APCDBStatus+AddOn.m */; };
		F5B39FC519BFA3C300CA7B8C /* APCDBStatus+AddOn.m in Sources */ = {isa = PBXBuildFile; fileRef = F5B39FC319BFA3C300CA7B8C /* APCDBStatus+AddOn.m */; };
		F5DAB556199EBFF6008E4A8E /* APCAppleCore.h in Copy Files */ = {isa = PBXBuildFile; fileRef = F5DAB555199EBFF6008E4A8E /* APCAppleCore.h */; };
		F5DAB56C199EC0D0008E4A8E /* APCNetworkManager.m in Sources */ = {isa = PBXBuildFile; fileRef = F5DAB56B199EC0D0008E4A8E /* APCNetworkManager.m */; };
		F5E4871219ABB1A300C86FC6 /* APCAppDelegate.m in Sources */ = {isa = PBXBuildFile; fileRef = F5E4871119ABB1A300C86FC6 /* APCAppDelegate.m */; };
		F5E4871319ABB1A300C86FC6 /* APCAppDelegate.m in Sources */ = {isa = PBXBuildFile; fileRef = F5E4871119ABB1A300C86FC6 /* APCAppDelegate.m */; };
		F5E4872419ABDBF000C86FC6 /* APCDataSubstrate.m in Sources */ = {isa = PBXBuildFile; fileRef = F5E4872319ABDBF000C86FC6 /* APCDataSubstrate.m */; };
		F5E4872519ABDBF000C86FC6 /* APCDataSubstrate.m in Sources */ = {isa = PBXBuildFile; fileRef = F5E4872319ABDBF000C86FC6 /* APCDataSubstrate.m */; };
		F5E4873419ABDEB500C86FC6 /* APCModel.xcdatamodeld in Sources */ = {isa = PBXBuildFile; fileRef = F5E4873219ABDEB500C86FC6 /* APCModel.xcdatamodeld */; };
		F5E4873519ABDEB500C86FC6 /* APCModel.xcdatamodeld in Sources */ = {isa = PBXBuildFile; fileRef = F5E4873219ABDEB500C86FC6 /* APCModel.xcdatamodeld */; };
		F5E4874319ABE1A400C86FC6 /* APCModel.xcdatamodeld in Sources */ = {isa = PBXBuildFile; fileRef = F5E4873219ABDEB500C86FC6 /* APCModel.xcdatamodeld */; };
/* End PBXBuildFile section */

/* Begin PBXCopyFilesBuildPhase section */
		F5DAB550199EBFF6008E4A8E /* Copy Files */ = {
			isa = PBXCopyFilesBuildPhase;
			buildActionMask = 2147483647;
			dstPath = "include/$(PRODUCT_NAME)";
			dstSubfolderSpec = 16;
			files = (
				F5DAB556199EBFF6008E4A8E /* APCAppleCore.h in Copy Files */,
			);
			name = "Copy Files";
			runOnlyForDeploymentPostprocessing = 0;
		};
/* End PBXCopyFilesBuildPhase section */

/* Begin PBXFileReference section */
		7B22812119C21937004BBECF /* APCParametersTest.m */ = {isa = PBXFileReference; fileEncoding = 4; lastKnownFileType = sourcecode.c.objc; path = APCParametersTest.m; sourceTree = "<group>"; };
		7BBBEEE919BFCB28009F2669 /* APCParameters.h */ = {isa = PBXFileReference; fileEncoding = 4; lastKnownFileType = sourcecode.c.h; path = APCParameters.h; sourceTree = "<group>"; };
		7BBBEEEA19BFCB28009F2669 /* parameters.json */ = {isa = PBXFileReference; fileEncoding = 4; lastKnownFileType = text.json; path = parameters.json; sourceTree = "<group>"; };
		7BBBEEEB19BFCB28009F2669 /* APCParameters.m */ = {isa = PBXFileReference; fileEncoding = 4; lastKnownFileType = sourcecode.c.objc; path = APCParameters.m; sourceTree = "<group>"; };
		7BE3200D19B1387E00E5E32D /* APCScheduledTask.h */ = {isa = PBXFileReference; fileEncoding = 4; lastKnownFileType = sourcecode.c.h; path = APCScheduledTask.h; sourceTree = "<group>"; };
		7BE3200E19B1387E00E5E32D /* APCScheduledTask.m */ = {isa = PBXFileReference; fileEncoding = 4; lastKnownFileType = sourcecode.c.objc; path = APCScheduledTask.m; sourceTree = "<group>"; };
		7BFEB4B419B0DA0A0009C917 /* APCSchedulerTestCase.m */ = {isa = PBXFileReference; fileEncoding = 4; lastKnownFileType = sourcecode.c.objc; path = APCSchedulerTestCase.m; sourceTree = "<group>"; };
		F5241C5719ACFEE50098A4DF /* APCDataSubstrate+ResearchKit.h */ = {isa = PBXFileReference; fileEncoding = 4; lastKnownFileType = sourcecode.c.h; path = "APCDataSubstrate+ResearchKit.h"; sourceTree = "<group>"; };
		F5241C5819ACFEE50098A4DF /* APCDataSubstrate+ResearchKit.m */ = {isa = PBXFileReference; fileEncoding = 4; lastKnownFileType = sourcecode.c.objc; path = "APCDataSubstrate+ResearchKit.m"; sourceTree = "<group>"; };
		F5241C5B19ACFF070098A4DF /* APCDataSubstrate+CoreData.h */ = {isa = PBXFileReference; fileEncoding = 4; lastKnownFileType = sourcecode.c.h; path = "APCDataSubstrate+CoreData.h"; sourceTree = "<group>"; };
		F5241C5C19ACFF070098A4DF /* APCDataSubstrate+CoreData.m */ = {isa = PBXFileReference; fileEncoding = 4; lastKnownFileType = sourcecode.c.objc; path = "APCDataSubstrate+CoreData.m"; sourceTree = "<group>"; };
		F5241C6E19AD3CC80098A4DF /* libarchive.dylib */ = {isa = PBXFileReference; lastKnownFileType = "compiled.mach-o.dylib"; name = libarchive.dylib; path = usr/lib/libarchive.dylib; sourceTree = SDKROOT; };
		F5241C7019AD3CCF0098A4DF /* libz.dylib */ = {isa = PBXFileReference; lastKnownFileType = "compiled.mach-o.dylib"; name = libz.dylib; path = usr/lib/libz.dylib; sourceTree = SDKROOT; };
		F5241C8E19AD4CB20098A4DF /* ResearchKit.framework */ = {isa = PBXFileReference; lastKnownFileType = wrapper.framework; name = ResearchKit.framework; path = ResearchKit/ResearchKit.framework; sourceTree = "<group>"; };
		F5241CA019AD56E30098A4DF /* libbz2.dylib */ = {isa = PBXFileReference; lastKnownFileType = "compiled.mach-o.dylib"; name = libbz2.dylib; path = usr/lib/libbz2.dylib; sourceTree = SDKROOT; };
		F54513BF19BE76EE00988651 /* APCScheduleInterpreter.h */ = {isa = PBXFileReference; fileEncoding = 4; lastKnownFileType = sourcecode.c.h; name = APCScheduleInterpreter.h; path = Scheduler/APCScheduleInterpreter.h; sourceTree = "<group>"; };
		F54513C019BE76EE00988651 /* APCScheduleInterpreter.m */ = {isa = PBXFileReference; fileEncoding = 4; lastKnownFileType = sourcecode.c.objc; name = APCScheduleInterpreter.m; path = Scheduler/APCScheduleInterpreter.m; sourceTree = "<group>"; };
		F54513C119BE76EE00988651 /* APCScheduler.h */ = {isa = PBXFileReference; fileEncoding = 4; lastKnownFileType = sourcecode.c.h; name = APCScheduler.h; path = Scheduler/APCScheduler.h; sourceTree = "<group>"; };
		F54513C219BE76EE00988651 /* APCScheduler.m */ = {isa = PBXFileReference; fileEncoding = 4; lastKnownFileType = sourcecode.c.objc; name = APCScheduler.m; path = Scheduler/APCScheduler.m; sourceTree = "<group>"; };
		F560074C19A797E6009F877F /* NSError+APCAdditions.h */ = {isa = PBXFileReference; fileEncoding = 4; lastKnownFileType = sourcecode.c.h; path = "NSError+APCAdditions.h"; sourceTree = "<group>"; };
		F560074D19A797E6009F877F /* NSError+APCAdditions.m */ = {isa = PBXFileReference; fileEncoding = 4; lastKnownFileType = sourcecode.c.objc; path = "NSError+APCAdditions.m"; sourceTree = "<group>"; };
		F560075019A7A502009F877F /* APCSageNetworkManager.h */ = {isa = PBXFileReference; fileEncoding = 4; lastKnownFileType = sourcecode.c.h; path = APCSageNetworkManager.h; sourceTree = "<group>"; };
		F560075119A7A502009F877F /* APCSageNetworkManager.m */ = {isa = PBXFileReference; fileEncoding = 4; lastKnownFileType = sourcecode.c.objc; path = APCSageNetworkManager.m; sourceTree = "<group>"; };
		F560075419A7A81E009F877F /* APCSageNetworkManagerTest.m */ = {isa = PBXFileReference; fileEncoding = 4; lastKnownFileType = sourcecode.c.objc; path = APCSageNetworkManagerTest.m; sourceTree = "<group>"; };
		F58668B719A3D0E000E9C375 /* APCNetworkManagerTest.m */ = {isa = PBXFileReference; fileEncoding = 4; lastKnownFileType = sourcecode.c.objc; path = APCNetworkManagerTest.m; sourceTree = "<group>"; };
		F594B4BF19AFA2ED00AD19C9 /* APCDataMonitor.m */ = {isa = PBXFileReference; fileEncoding = 4; lastKnownFileType = sourcecode.c.objc; path = APCDataMonitor.m; sourceTree = "<group>"; };
		F594B4C419AFA94800AD19C9 /* APCDataMonitor.h */ = {isa = PBXFileReference; fileEncoding = 4; lastKnownFileType = sourcecode.c.h; path = APCDataMonitor.h; sourceTree = "<group>"; };
		F59C278119A3B65700596ACC /* Reachability.h */ = {isa = PBXFileReference; fileEncoding = 4; lastKnownFileType = sourcecode.c.h; path = Reachability.h; sourceTree = "<group>"; };
		F59C278219A3B65700596ACC /* Reachability.m */ = {isa = PBXFileReference; fileEncoding = 4; lastKnownFileType = sourcecode.c.objc; path = Reachability.m; sourceTree = "<group>"; };
		F5A8F35219AFC27E008C9F9C /* APCModel.h */ = {isa = PBXFileReference; fileEncoding = 4; lastKnownFileType = sourcecode.c.h; path = APCModel.h; sourceTree = "<group>"; };
		F5A8F36519AFC9B0008C9F9C /* APCTask+AddOn.h */ = {isa = PBXFileReference; fileEncoding = 4; lastKnownFileType = sourcecode.c.h; path = "APCTask+AddOn.h"; sourceTree = "<group>"; };
		F5A8F36619AFC9B0008C9F9C /* APCTask+AddOn.m */ = {isa = PBXFileReference; fileEncoding = 4; lastKnownFileType = sourcecode.c.objc; path = "APCTask+AddOn.m"; sourceTree = "<group>"; };
		F5A8F36919AFE756008C9F9C /* NSManagedObject+APCHelper.h */ = {isa = PBXFileReference; fileEncoding = 4; lastKnownFileType = sourcecode.c.h; path = "NSManagedObject+APCHelper.h"; sourceTree = "<group>"; };
		F5A8F36A19AFE756008C9F9C /* NSManagedObject+APCHelper.m */ = {isa = PBXFileReference; fileEncoding = 4; lastKnownFileType = sourcecode.c.objc; path = "NSManagedObject+APCHelper.m"; sourceTree = "<group>"; };
		F5A8F36E19B0FDF8008C9F9C /* APCTask.h */ = {isa = PBXFileReference; fileEncoding = 4; lastKnownFileType = sourcecode.c.h; path = APCTask.h; sourceTree = "<group>"; };
		F5A8F36F19B0FDF8008C9F9C /* APCTask.m */ = {isa = PBXFileReference; fileEncoding = 4; lastKnownFileType = sourcecode.c.objc; path = APCTask.m; sourceTree = "<group>"; };
		F5A8F37619B0FDF8008C9F9C /* APCResult.h */ = {isa = PBXFileReference; fileEncoding = 4; lastKnownFileType = sourcecode.c.h; path = APCResult.h; sourceTree = "<group>"; };
		F5A8F37719B0FDF8008C9F9C /* APCResult.m */ = {isa = PBXFileReference; fileEncoding = 4; lastKnownFileType = sourcecode.c.objc; path = APCResult.m; sourceTree = "<group>"; };
		F5A8F37A19B0FDF8008C9F9C /* APCSchedule.h */ = {isa = PBXFileReference; fileEncoding = 4; lastKnownFileType = sourcecode.c.h; path = APCSchedule.h; sourceTree = "<group>"; };
		F5A8F37B19B0FDF8008C9F9C /* APCSchedule.m */ = {isa = PBXFileReference; fileEncoding = 4; lastKnownFileType = sourcecode.c.objc; path = APCSchedule.m; sourceTree = "<group>"; };
		F5A8F37E19B0FF78008C9F9C /* APCSchedule+AddOn.h */ = {isa = PBXFileReference; fileEncoding = 4; lastKnownFileType = sourcecode.c.h; path = "APCSchedule+AddOn.h"; sourceTree = "<group>"; };
		F5A8F37F19B0FF78008C9F9C /* APCSchedule+AddOn.m */ = {isa = PBXFileReference; fileEncoding = 4; lastKnownFileType = sourcecode.c.objc; path = "APCSchedule+AddOn.m"; sourceTree = "<group>"; };
		F5A8F38619B100E9008C9F9C /* APCScheduledTask+AddOn.h */ = {isa = PBXFileReference; fileEncoding = 4; lastKnownFileType = sourcecode.c.h; path = "APCScheduledTask+AddOn.h"; sourceTree = "<group>"; };
		F5A8F38719B100E9008C9F9C /* APCScheduledTask+AddOn.m */ = {isa = PBXFileReference; fileEncoding = 4; lastKnownFileType = sourcecode.c.objc; path = "APCScheduledTask+AddOn.m"; sourceTree = "<group>"; };
		F5A8F38A19B1011F008C9F9C /* APCResult+AddOn.h */ = {isa = PBXFileReference; fileEncoding = 4; lastKnownFileType = sourcecode.c.h; path = "APCResult+AddOn.h"; sourceTree = "<group>"; };
		F5A8F38B19B1011F008C9F9C /* APCResult+AddOn.m */ = {isa = PBXFileReference; fileEncoding = 4; lastKnownFileType = sourcecode.c.objc; path = "APCResult+AddOn.m"; sourceTree = "<group>"; };
		F5A8F38E19B10263008C9F9C /* MODEL_README */ = {isa = PBXFileReference; fileEncoding = 4; lastKnownFileType = text; path = MODEL_README; sourceTree = "<group>"; };
		F5B39FBF19BFA39700CA7B8C /* APCDBStatus.h */ = {isa = PBXFileReference; fileEncoding = 4; lastKnownFileType = sourcecode.c.h; path = APCDBStatus.h; sourceTree = "<group>"; };
		F5B39FC019BFA39700CA7B8C /* APCDBStatus.m */ = {isa = PBXFileReference; fileEncoding = 4; lastKnownFileType = sourcecode.c.objc; path = APCDBStatus.m; sourceTree = "<group>"; };
		F5B39FC219BFA3C300CA7B8C /* APCDBStatus+AddOn.h */ = {isa = PBXFileReference; fileEncoding = 4; lastKnownFileType = sourcecode.c.h; path = "APCDBStatus+AddOn.h"; sourceTree = "<group>"; };
		F5B39FC319BFA3C300CA7B8C /* APCDBStatus+AddOn.m */ = {isa = PBXFileReference; fileEncoding = 4; lastKnownFileType = sourcecode.c.objc; path = "APCDBStatus+AddOn.m"; sourceTree = "<group>"; };
		F5BDD99819A401F2009921E7 /* README */ = {isa = PBXFileReference; fileEncoding = 4; lastKnownFileType = text; path = README; sourceTree = "<group>"; };
		F5DAB552199EBFF6008E4A8E /* libAPCAppleCore.a */ = {isa = PBXFileReference; explicitFileType = archive.ar; includeInIndex = 0; path = libAPCAppleCore.a; sourceTree = BUILT_PRODUCTS_DIR; };
		F5DAB555199EBFF6008E4A8E /* APCAppleCore.h */ = {isa = PBXFileReference; lastKnownFileType = sourcecode.c.h; path = APCAppleCore.h; sourceTree = "<group>"; };
		F5DAB55D199EBFF6008E4A8E /* APCAppleCoreTests.xctest */ = {isa = PBXFileReference; explicitFileType = wrapper.cfbundle; includeInIndex = 0; path = APCAppleCoreTests.xctest; sourceTree = BUILT_PRODUCTS_DIR; };
		F5DAB560199EBFF6008E4A8E /* Info.plist */ = {isa = PBXFileReference; lastKnownFileType = text.plist.xml; path = Info.plist; sourceTree = "<group>"; };
		F5DAB56A199EC0D0008E4A8E /* APCNetworkManager.h */ = {isa = PBXFileReference; fileEncoding = 4; lastKnownFileType = sourcecode.c.h; path = APCNetworkManager.h; sourceTree = "<group>"; };
		F5DAB56B199EC0D0008E4A8E /* APCNetworkManager.m */ = {isa = PBXFileReference; fileEncoding = 4; lastKnownFileType = sourcecode.c.objc; path = APCNetworkManager.m; sourceTree = "<group>"; };
		F5E4871019ABB1A300C86FC6 /* APCAppDelegate.h */ = {isa = PBXFileReference; fileEncoding = 4; lastKnownFileType = sourcecode.c.h; path = APCAppDelegate.h; sourceTree = "<group>"; };
		F5E4871119ABB1A300C86FC6 /* APCAppDelegate.m */ = {isa = PBXFileReference; fileEncoding = 4; lastKnownFileType = sourcecode.c.objc; path = APCAppDelegate.m; sourceTree = "<group>"; };
		F5E4872219ABDBF000C86FC6 /* APCDataSubstrate.h */ = {isa = PBXFileReference; fileEncoding = 4; lastKnownFileType = sourcecode.c.h; path = APCDataSubstrate.h; sourceTree = "<group>"; };
		F5E4872319ABDBF000C86FC6 /* APCDataSubstrate.m */ = {isa = PBXFileReference; fileEncoding = 4; lastKnownFileType = sourcecode.c.objc; path = APCDataSubstrate.m; sourceTree = "<group>"; };
		F5E4872D19ABDE6300C86FC6 /* Info.plist */ = {isa = PBXFileReference; lastKnownFileType = text.plist.xml; path = Info.plist; sourceTree = "<group>"; };
		F5E4873319ABDEB500C86FC6 /* APCModel.xcdatamodel */ = {isa = PBXFileReference; lastKnownFileType = wrapper.xcdatamodel; path = APCModel.xcdatamodel; sourceTree = "<group>"; };
		F5E4873C19ABE18000C86FC6 /* APCAppleCoreBundle.bundle */ = {isa = PBXFileReference; explicitFileType = wrapper.cfbundle; includeInIndex = 0; path = APCAppleCoreBundle.bundle; sourceTree = BUILT_PRODUCTS_DIR; };
/* End PBXFileReference section */

/* Begin PBXFrameworksBuildPhase section */
		F5DAB54F199EBFF6008E4A8E /* Frameworks */ = {
			isa = PBXFrameworksBuildPhase;
			buildActionMask = 2147483647;
			files = (
				F5241C9019AD4CB20098A4DF /* ResearchKit.framework in Frameworks */,
			);
			runOnlyForDeploymentPostprocessing = 0;
		};
		F5DAB55A199EBFF6008E4A8E /* Frameworks */ = {
			isa = PBXFrameworksBuildPhase;
			buildActionMask = 2147483647;
			files = (
				F5241CA419AD57310098A4DF /* libz.dylib in Frameworks */,
				F5241CA319AD572A0098A4DF /* libarchive.dylib in Frameworks */,
				F5241CA219AD57230098A4DF /* libbz2.dylib in Frameworks */,
				F5241C9119AD4CB20098A4DF /* ResearchKit.framework in Frameworks */,
			);
			runOnlyForDeploymentPostprocessing = 0;
		};
		F5E4873919ABE18000C86FC6 /* Frameworks */ = {
			isa = PBXFrameworksBuildPhase;
			buildActionMask = 2147483647;
			files = (
			);
			runOnlyForDeploymentPostprocessing = 0;
		};
/* End PBXFrameworksBuildPhase section */

/* Begin PBXGroup section */
		7B7179C819AE46EC00B34319 /* Scheduler */ = {
			isa = PBXGroup;
			children = (
				F54513BF19BE76EE00988651 /* APCScheduleInterpreter.h */,
				F54513C019BE76EE00988651 /* APCScheduleInterpreter.m */,
				F54513C119BE76EE00988651 /* APCScheduler.h */,
				F54513C219BE76EE00988651 /* APCScheduler.m */,
			);
			name = Scheduler;
			sourceTree = "<group>";
		};
		7BBBEEE619BFCB28009F2669 /* Parameters */ = {
			isa = PBXGroup;
			children = (
				7BBBEEEA19BFCB28009F2669 /* parameters.json */,
				7BBBEEE919BFCB28009F2669 /* APCParameters.h */,
				7BBBEEEB19BFCB28009F2669 /* APCParameters.m */,
			);
			path = Parameters;
			sourceTree = "<group>";
		};
		F560074A19A797CE009F877F /* Library */ = {
			isa = PBXGroup;
			children = (
				F560074B19A797CE009F877F /* Categories */,
			);
			path = Library;
			sourceTree = "<group>";
		};
		F560074B19A797CE009F877F /* Categories */ = {
			isa = PBXGroup;
			children = (
				F560074C19A797E6009F877F /* NSError+APCAdditions.h */,
				F560074D19A797E6009F877F /* NSError+APCAdditions.m */,
				F5A8F36919AFE756008C9F9C /* NSManagedObject+APCHelper.h */,
				F5A8F36A19AFE756008C9F9C /* NSManagedObject+APCHelper.m */,
			);
			path = Categories;
			sourceTree = "<group>";
		};
		F594B4BD19AFA2C100AD19C9 /* DataMonitor */ = {
			isa = PBXGroup;
			children = (
				F594B4C419AFA94800AD19C9 /* APCDataMonitor.h */,
				F594B4BF19AFA2ED00AD19C9 /* APCDataMonitor.m */,
			);
			path = DataMonitor;
			sourceTree = "<group>";
		};
		F59C277F19A3B65700596ACC /* Vendor */ = {
			isa = PBXGroup;
			children = (
				F59C278019A3B65700596ACC /* Reachability */,
			);
			path = Vendor;
			sourceTree = "<group>";
		};
		F59C278019A3B65700596ACC /* Reachability */ = {
			isa = PBXGroup;
			children = (
				F59C278119A3B65700596ACC /* Reachability.h */,
				F59C278219A3B65700596ACC /* Reachability.m */,
			);
			path = Reachability;
			sourceTree = "<group>";
		};
		F5A8F36319AFC949008C9F9C /* ManagedObjectSubclasses */ = {
			isa = PBXGroup;
			children = (
				7BE3200D19B1387E00E5E32D /* APCScheduledTask.h */,
				7BE3200E19B1387E00E5E32D /* APCScheduledTask.m */,
				F5A8F36E19B0FDF8008C9F9C /* APCTask.h */,
				F5A8F36F19B0FDF8008C9F9C /* APCTask.m */,
				F5A8F37A19B0FDF8008C9F9C /* APCSchedule.h */,
				F5A8F37B19B0FDF8008C9F9C /* APCSchedule.m */,
				F5A8F37619B0FDF8008C9F9C /* APCResult.h */,
				F5A8F37719B0FDF8008C9F9C /* APCResult.m */,
				F5B39FBF19BFA39700CA7B8C /* APCDBStatus.h */,
				F5B39FC019BFA39700CA7B8C /* APCDBStatus.m */,
			);
			name = ManagedObjectSubclasses;
			sourceTree = "<group>";
		};
		F5A8F36419AFC988008C9F9C /* AddOns */ = {
			isa = PBXGroup;
			children = (
				F5A8F36519AFC9B0008C9F9C /* APCTask+AddOn.h */,
				F5A8F36619AFC9B0008C9F9C /* APCTask+AddOn.m */,
				F5A8F37E19B0FF78008C9F9C /* APCSchedule+AddOn.h */,
				F5A8F37F19B0FF78008C9F9C /* APCSchedule+AddOn.m */,
				F5A8F38619B100E9008C9F9C /* APCScheduledTask+AddOn.h */,
				F5A8F38719B100E9008C9F9C /* APCScheduledTask+AddOn.m */,
				F5A8F38A19B1011F008C9F9C /* APCResult+AddOn.h */,
				F5A8F38B19B1011F008C9F9C /* APCResult+AddOn.m */,
				F5B39FC219BFA3C300CA7B8C /* APCDBStatus+AddOn.h */,
				F5B39FC319BFA3C300CA7B8C /* APCDBStatus+AddOn.m */,
			);
			name = AddOns;
			sourceTree = "<group>";
		};
		F5DAB549199EBFF6008E4A8E = {
			isa = PBXGroup;
			children = (
				F5DAB554199EBFF6008E4A8E /* APCAppleCore */,
				F5DAB55E199EBFF6008E4A8E /* APCAppleCoreTests */,
				F5E4872B19ABDE6300C86FC6 /* APCAppleCoreBundle */,
				F5DAB553199EBFF6008E4A8E /* Products */,
				F5241C8E19AD4CB20098A4DF /* ResearchKit.framework */,
				F5241C7019AD3CCF0098A4DF /* libz.dylib */,
				F5241CA019AD56E30098A4DF /* libbz2.dylib */,
				F5241C6E19AD3CC80098A4DF /* libarchive.dylib */,
			);
			sourceTree = "<group>";
		};
		F5DAB553199EBFF6008E4A8E /* Products */ = {
			isa = PBXGroup;
			children = (
				F5DAB552199EBFF6008E4A8E /* libAPCAppleCore.a */,
				F5DAB55D199EBFF6008E4A8E /* APCAppleCoreTests.xctest */,
				F5E4873C19ABE18000C86FC6 /* APCAppleCoreBundle.bundle */,
			);
			name = Products;
			sourceTree = "<group>";
		};
		F5DAB554199EBFF6008E4A8E /* APCAppleCore */ = {
			isa = PBXGroup;
			children = (
				F5BDD99819A401F2009921E7 /* README */,
				F5DAB555199EBFF6008E4A8E /* APCAppleCore.h */,
				F5E4871019ABB1A300C86FC6 /* APCAppDelegate.h */,
				F5E4871119ABB1A300C86FC6 /* APCAppDelegate.m */,
				7BBBEEE619BFCB28009F2669 /* Parameters */,
				F594B4BD19AFA2C100AD19C9 /* DataMonitor */,
				7B7179C819AE46EC00B34319 /* Scheduler */,
				F5DAB569199EC085008E4A8E /* NetworkLayer */,
				F5E4872119ABDBC800C86FC6 /* DataSubstrate */,
				F59C277F19A3B65700596ACC /* Vendor */,
				F560074A19A797CE009F877F /* Library */,
			);
			path = APCAppleCore;
			sourceTree = "<group>";
		};
		F5DAB55E199EBFF6008E4A8E /* APCAppleCoreTests */ = {
			isa = PBXGroup;
			children = (
				F58668B719A3D0E000E9C375 /* APCNetworkManagerTest.m */,
				F560075419A7A81E009F877F /* APCSageNetworkManagerTest.m */,
				7BFEB4B419B0DA0A0009C917 /* APCSchedulerTestCase.m */,
				7B22812119C21937004BBECF /* APCParametersTest.m */,
				F5DAB55F199EBFF6008E4A8E /* Supporting Files */,
			);
			path = APCAppleCoreTests;
			sourceTree = "<group>";
		};
		F5DAB55F199EBFF6008E4A8E /* Supporting Files */ = {
			isa = PBXGroup;
			children = (
				F5DAB560199EBFF6008E4A8E /* Info.plist */,
			);
			name = "Supporting Files";
			sourceTree = "<group>";
		};
		F5DAB569199EC085008E4A8E /* NetworkLayer */ = {
			isa = PBXGroup;
			children = (
				F5DAB56A199EC0D0008E4A8E /* APCNetworkManager.h */,
				F5DAB56B199EC0D0008E4A8E /* APCNetworkManager.m */,
				F560075019A7A502009F877F /* APCSageNetworkManager.h */,
				F560075119A7A502009F877F /* APCSageNetworkManager.m */,
			);
			path = NetworkLayer;
			sourceTree = "<group>";
		};
		F5E4872119ABDBC800C86FC6 /* DataSubstrate */ = {
			isa = PBXGroup;
			children = (
				F5E4872219ABDBF000C86FC6 /* APCDataSubstrate.h */,
				F5E4872319ABDBF000C86FC6 /* APCDataSubstrate.m */,
				F5241C5719ACFEE50098A4DF /* APCDataSubstrate+ResearchKit.h */,
				F5241C5819ACFEE50098A4DF /* APCDataSubstrate+ResearchKit.m */,
				F5241C5B19ACFF070098A4DF /* APCDataSubstrate+CoreData.h */,
				F5241C5C19ACFF070098A4DF /* APCDataSubstrate+CoreData.m */,
				F5E4873119ABDE8E00C86FC6 /* Model */,
			);
			path = DataSubstrate;
			sourceTree = "<group>";
		};
		F5E4872B19ABDE6300C86FC6 /* APCAppleCoreBundle */ = {
			isa = PBXGroup;
			children = (
				F5E4872C19ABDE6300C86FC6 /* Supporting Files */,
			);
			path = APCAppleCoreBundle;
			sourceTree = "<group>";
		};
		F5E4872C19ABDE6300C86FC6 /* Supporting Files */ = {
			isa = PBXGroup;
			children = (
				F5E4872D19ABDE6300C86FC6 /* Info.plist */,
			);
			name = "Supporting Files";
			sourceTree = "<group>";
		};
		F5E4873119ABDE8E00C86FC6 /* Model */ = {
			isa = PBXGroup;
			children = (
				F5A8F38E19B10263008C9F9C /* MODEL_README */,
				F5E4873219ABDEB500C86FC6 /* APCModel.xcdatamodeld */,
				F5A8F35219AFC27E008C9F9C /* APCModel.h */,
				F5A8F36319AFC949008C9F9C /* ManagedObjectSubclasses */,
				F5A8F36419AFC988008C9F9C /* AddOns */,
			);
			path = Model;
			sourceTree = "<group>";
		};
/* End PBXGroup section */

/* Begin PBXNativeTarget section */
		F5DAB551199EBFF6008E4A8E /* APCAppleCore */ = {
			isa = PBXNativeTarget;
			buildConfigurationList = F5DAB563199EBFF6008E4A8E /* Build configuration list for PBXNativeTarget "APCAppleCore" */;
			buildPhases = (
				F5DAB54E199EBFF6008E4A8E /* Sources */,
				F5DAB54F199EBFF6008E4A8E /* Frameworks */,
				F5DAB550199EBFF6008E4A8E /* Copy Files */,
			);
			buildRules = (
			);
			dependencies = (
			);
			name = APCAppleCore;
			productName = APCAppleCore;
			productReference = F5DAB552199EBFF6008E4A8E /* libAPCAppleCore.a */;
			productType = "com.apple.product-type.library.static";
		};
		F5DAB55C199EBFF6008E4A8E /* APCAppleCoreTests */ = {
			isa = PBXNativeTarget;
			buildConfigurationList = F5DAB566199EBFF6008E4A8E /* Build configuration list for PBXNativeTarget "APCAppleCoreTests" */;
			buildPhases = (
				F5DAB559199EBFF6008E4A8E /* Sources */,
				F5DAB55A199EBFF6008E4A8E /* Frameworks */,
				F5DAB55B199EBFF6008E4A8E /* Resources */,
			);
			buildRules = (
			);
			dependencies = (
			);
			name = APCAppleCoreTests;
			productName = APCAppleCoreTests;
			productReference = F5DAB55D199EBFF6008E4A8E /* APCAppleCoreTests.xctest */;
			productType = "com.apple.product-type.bundle.unit-test";
		};
		F5E4873B19ABE18000C86FC6 /* APCAppleCoreBundle */ = {
			isa = PBXNativeTarget;
			buildConfigurationList = F5E4874019ABE18000C86FC6 /* Build configuration list for PBXNativeTarget "APCAppleCoreBundle" */;
			buildPhases = (
				F5E4873819ABE18000C86FC6 /* Sources */,
				F5E4873919ABE18000C86FC6 /* Frameworks */,
				F5E4873A19ABE18000C86FC6 /* Resources */,
			);
			buildRules = (
			);
			dependencies = (
			);
			name = APCAppleCoreBundle;
			productName = APCAppleCoreBundle;
			productReference = F5E4873C19ABE18000C86FC6 /* APCAppleCoreBundle.bundle */;
			productType = "com.apple.product-type.bundle";
		};
/* End PBXNativeTarget section */

/* Begin PBXProject section */
		F5DAB54A199EBFF6008E4A8E /* Project object */ = {
			isa = PBXProject;
			attributes = {
				LastUpgradeCheck = 0600;
				ORGANIZATIONNAME = "Y Media Labs";
				TargetAttributes = {
					F5DAB551199EBFF6008E4A8E = {
						CreatedOnToolsVersion = 6.0;
					};
					F5DAB55C199EBFF6008E4A8E = {
						CreatedOnToolsVersion = 6.0;
					};
					F5E4873B19ABE18000C86FC6 = {
						CreatedOnToolsVersion = 6.0;
					};
				};
			};
			buildConfigurationList = F5DAB54D199EBFF6008E4A8E /* Build configuration list for PBXProject "APCAppleCore" */;
			compatibilityVersion = "Xcode 3.2";
			developmentRegion = English;
			hasScannedForEncodings = 0;
			knownRegions = (
				en,
			);
			mainGroup = F5DAB549199EBFF6008E4A8E;
			productRefGroup = F5DAB553199EBFF6008E4A8E /* Products */;
			projectDirPath = "";
			projectRoot = "";
			targets = (
				F5DAB551199EBFF6008E4A8E /* APCAppleCore */,
				F5DAB55C199EBFF6008E4A8E /* APCAppleCoreTests */,
				F5E4873B19ABE18000C86FC6 /* APCAppleCoreBundle */,
			);
		};
/* End PBXProject section */

/* Begin PBXResourcesBuildPhase section */
		F5DAB55B199EBFF6008E4A8E /* Resources */ = {
			isa = PBXResourcesBuildPhase;
			buildActionMask = 2147483647;
			files = (
				F5A8F38F19B10263008C9F9C /* MODEL_README in Resources */,
				7BBBEEEE19BFCB28009F2669 /* parameters.json in Resources */,
			);
			runOnlyForDeploymentPostprocessing = 0;
		};
		F5E4873A19ABE18000C86FC6 /* Resources */ = {
			isa = PBXResourcesBuildPhase;
			buildActionMask = 2147483647;
			files = (
			);
			runOnlyForDeploymentPostprocessing = 0;
		};
/* End PBXResourcesBuildPhase section */

/* Begin PBXSourcesBuildPhase section */
		F5DAB54E199EBFF6008E4A8E /* Sources */ = {
			isa = PBXSourcesBuildPhase;
			buildActionMask = 2147483647;
			files = (
				7BBBEEEF19BFCB28009F2669 /* APCParameters.m in Sources */,
				F560074E19A797E6009F877F /* NSError+APCAdditions.m in Sources */,
				F5241C5D19ACFF070098A4DF /* APCDataSubstrate+CoreData.m in Sources */,
				F5A8F38019B0FF78008C9F9C /* APCSchedule+AddOn.m in Sources */,
				F54513C519BE76EE00988651 /* APCScheduler.m in Sources */,
				F5E4873419ABDEB500C86FC6 /* APCModel.xcdatamodeld in Sources */,
				F59C278319A3B65700596ACC /* Reachability.m in Sources */,
				F5E4872419ABDBF000C86FC6 /* APCDataSubstrate.m in Sources */,
				F5A8F37019B0FDF8008C9F9C /* APCTask.m in Sources */,
				F5A8F38C19B1011F008C9F9C /* APCResult+AddOn.m in Sources */,
				F54513C319BE76EE00988651 /* APCScheduleInterpreter.m in Sources */,
				F5241C5919ACFEE50098A4DF /* APCDataSubstrate+ResearchKit.m in Sources */,
				F5A8F36719AFC9B0008C9F9C /* APCTask+AddOn.m in Sources */,
				F5A8F36B19AFE756008C9F9C /* NSManagedObject+APCHelper.m in Sources */,
				F5A8F37C19B0FDF8008C9F9C /* APCSchedule.m in Sources */,
				F5B39FC119BFA39700CA7B8C /* APCDBStatus.m in Sources */,
				7BE3200F19B1387E00E5E32D /* APCScheduledTask.m in Sources */,
				F5DAB56C199EC0D0008E4A8E /* APCNetworkManager.m in Sources */,
				F5A8F38819B100E9008C9F9C /* APCScheduledTask+AddOn.m in Sources */,
				F5B39FC419BFA3C300CA7B8C /* APCDBStatus+AddOn.m in Sources */,
				F594B4C019AFA2ED00AD19C9 /* APCDataMonitor.m in Sources */,
				F5E4871219ABB1A300C86FC6 /* APCAppDelegate.m in Sources */,
				F560075219A7A502009F877F /* APCSageNetworkManager.m in Sources */,
				F5A8F37819B0FDF8008C9F9C /* APCResult.m in Sources */,
			);
			runOnlyForDeploymentPostprocessing = 0;
		};
		F5DAB559199EBFF6008E4A8E /* Sources */ = {
			isa = PBXSourcesBuildPhase;
			buildActionMask = 2147483647;
			files = (
				F5AC934119C0EBCA0062C89A /* APCDBStatus.m in Sources */,
				F5E4872519ABDBF000C86FC6 /* APCDataSubstrate.m in Sources */,
				F5A8F37119B0FDF8008C9F9C /* APCTask.m in Sources */,
				F58668B819A3D0E000E9C375 /* APCNetworkManagerTest.m in Sources */,
				F5A8F37D19B0FDF8008C9F9C /* APCSchedule.m in Sources */,
				7BE3201019B1387E00E5E32D /* APCScheduledTask.m in Sources */,
				F5A8F38919B100E9008C9F9C /* APCScheduledTask+AddOn.m in Sources */,
				F5A8F36819AFC9B0008C9F9C /* APCTask+AddOn.m in Sources */,
				F5241C5A19ACFEE50098A4DF /* APCDataSubstrate+ResearchKit.m in Sources */,
				F5E4871319ABB1A300C86FC6 /* APCAppDelegate.m in Sources */,
				F5241C5E19ACFF070098A4DF /* APCDataSubstrate+CoreData.m in Sources */,
				F58668BA19A3D99B00E9C375 /* Reachability.m in Sources */,
				F5E4873519ABDEB500C86FC6 /* APCModel.xcdatamodeld in Sources */,
				F54513C619BE76EE00988651 /* APCScheduler.m in Sources */,
				7BFEB4B519B0DA0A0009C917 /* APCSchedulerTestCase.m in Sources */,
				F560075319A7A502009F877F /* APCSageNetworkManager.m in Sources */,
				F560075519A7A81E009F877F /* APCSageNetworkManagerTest.m in Sources */,
				7B22812219C21937004BBECF /* APCParametersTest.m in Sources */,
				F5A8F36C19AFE757008C9F9C /* NSManagedObject+APCHelper.m in Sources */,
				7BBBEEF019BFCB28009F2669 /* APCParameters.m in Sources */,
				F5B39FC519BFA3C300CA7B8C /* APCDBStatus+AddOn.m in Sources */,
				F5A8F38D19B1011F008C9F9C /* APCResult+AddOn.m in Sources */,
				F594B4C119AFA2ED00AD19C9 /* APCDataMonitor.m in Sources */,
				F54513C419BE76EE00988651 /* APCScheduleInterpreter.m in Sources */,
				F5A8F38119B0FF78008C9F9C /* APCSchedule+AddOn.m in Sources */,
				F560074F19A797E6009F877F /* NSError+APCAdditions.m in Sources */,
				F5A8F37919B0FDF8008C9F9C /* APCResult.m in Sources */,
				F58668B919A3D99400E9C375 /* APCNetworkManager.m in Sources */,
			);
			runOnlyForDeploymentPostprocessing = 0;
		};
		F5E4873819ABE18000C86FC6 /* Sources */ = {
			isa = PBXSourcesBuildPhase;
			buildActionMask = 2147483647;
			files = (
				F5E4874319ABE1A400C86FC6 /* APCModel.xcdatamodeld in Sources */,
			);
			runOnlyForDeploymentPostprocessing = 0;
		};
/* End PBXSourcesBuildPhase section */

/* Begin XCBuildConfiguration section */
		F5DAB561199EBFF6008E4A8E /* Debug */ = {
			isa = XCBuildConfiguration;
			buildSettings = {
				ALWAYS_SEARCH_USER_PATHS = NO;
				CLANG_CXX_LANGUAGE_STANDARD = "gnu++0x";
				CLANG_CXX_LIBRARY = "libc++";
				CLANG_ENABLE_MODULES = YES;
				CLANG_ENABLE_OBJC_ARC = YES;
				CLANG_WARN_BOOL_CONVERSION = YES;
				CLANG_WARN_CONSTANT_CONVERSION = YES;
				CLANG_WARN_DIRECT_OBJC_ISA_USAGE = YES_ERROR;
				CLANG_WARN_EMPTY_BODY = YES;
				CLANG_WARN_ENUM_CONVERSION = YES;
				CLANG_WARN_INT_CONVERSION = YES;
				CLANG_WARN_OBJC_ROOT_CLASS = YES_ERROR;
				CLANG_WARN_UNREACHABLE_CODE = YES;
				CLANG_WARN__DUPLICATE_METHOD_MATCH = YES;
				COPY_PHASE_STRIP = NO;
				ENABLE_STRICT_OBJC_MSGSEND = YES;
				GCC_C_LANGUAGE_STANDARD = gnu99;
				GCC_DYNAMIC_NO_PIC = NO;
				GCC_OPTIMIZATION_LEVEL = 0;
				GCC_PREPROCESSOR_DEFINITIONS = (
					"DEBUG=1",
					"$(inherited)",
				);
				GCC_SYMBOLS_PRIVATE_EXTERN = NO;
				GCC_WARN_64_TO_32_BIT_CONVERSION = YES;
				GCC_WARN_ABOUT_RETURN_TYPE = YES_ERROR;
				GCC_WARN_UNDECLARED_SELECTOR = YES;
				GCC_WARN_UNINITIALIZED_AUTOS = YES_AGGRESSIVE;
				GCC_WARN_UNUSED_FUNCTION = YES;
				GCC_WARN_UNUSED_VARIABLE = YES;
				IPHONEOS_DEPLOYMENT_TARGET = 8.0;
				MTL_ENABLE_DEBUG_INFO = YES;
				ONLY_ACTIVE_ARCH = YES;
				SDKROOT = iphoneos;
			};
			name = Debug;
		};
		F5DAB562199EBFF6008E4A8E /* Release */ = {
			isa = XCBuildConfiguration;
			buildSettings = {
				ALWAYS_SEARCH_USER_PATHS = NO;
				CLANG_CXX_LANGUAGE_STANDARD = "gnu++0x";
				CLANG_CXX_LIBRARY = "libc++";
				CLANG_ENABLE_MODULES = YES;
				CLANG_ENABLE_OBJC_ARC = YES;
				CLANG_WARN_BOOL_CONVERSION = YES;
				CLANG_WARN_CONSTANT_CONVERSION = YES;
				CLANG_WARN_DIRECT_OBJC_ISA_USAGE = YES_ERROR;
				CLANG_WARN_EMPTY_BODY = YES;
				CLANG_WARN_ENUM_CONVERSION = YES;
				CLANG_WARN_INT_CONVERSION = YES;
				CLANG_WARN_OBJC_ROOT_CLASS = YES_ERROR;
				CLANG_WARN_UNREACHABLE_CODE = YES;
				CLANG_WARN__DUPLICATE_METHOD_MATCH = YES;
				COPY_PHASE_STRIP = YES;
				ENABLE_NS_ASSERTIONS = NO;
				ENABLE_STRICT_OBJC_MSGSEND = YES;
				GCC_C_LANGUAGE_STANDARD = gnu99;
				GCC_WARN_64_TO_32_BIT_CONVERSION = YES;
				GCC_WARN_ABOUT_RETURN_TYPE = YES_ERROR;
				GCC_WARN_UNDECLARED_SELECTOR = YES;
				GCC_WARN_UNINITIALIZED_AUTOS = YES_AGGRESSIVE;
				GCC_WARN_UNUSED_FUNCTION = YES;
				GCC_WARN_UNUSED_VARIABLE = YES;
				IPHONEOS_DEPLOYMENT_TARGET = 8.0;
				MTL_ENABLE_DEBUG_INFO = NO;
				SDKROOT = iphoneos;
				VALIDATE_PRODUCT = YES;
			};
			name = Release;
		};
		F5DAB564199EBFF6008E4A8E /* Debug */ = {
			isa = XCBuildConfiguration;
			buildSettings = {
				CLANG_ENABLE_MODULES = YES;
				FRAMEWORK_SEARCH_PATHS = (
					"$(inherited)",
					"$(PROJECT_DIR)",
					"$(PROJECT_DIR)/ResearchKit",
				);
				LD_RUNPATH_SEARCH_PATHS = "$(inherited) @executable_path/Frameworks @loader_path/Frameworks";
				OTHER_LDFLAGS = "-ObjC";
				PRODUCT_NAME = "$(TARGET_NAME)";
				SKIP_INSTALL = YES;
				SWIFT_OPTIMIZATION_LEVEL = "-Onone";
			};
			name = Debug;
		};
		F5DAB565199EBFF6008E4A8E /* Release */ = {
			isa = XCBuildConfiguration;
			buildSettings = {
				CLANG_ENABLE_MODULES = YES;
				FRAMEWORK_SEARCH_PATHS = (
					"$(inherited)",
					"$(PROJECT_DIR)",
					"$(PROJECT_DIR)/ResearchKit",
				);
				LD_RUNPATH_SEARCH_PATHS = "$(inherited) @executable_path/Frameworks @loader_path/Frameworks";
				OTHER_LDFLAGS = "-ObjC";
				PRODUCT_NAME = "$(TARGET_NAME)";
				SKIP_INSTALL = YES;
			};
			name = Release;
		};
		F5DAB567199EBFF6008E4A8E /* Debug */ = {
			isa = XCBuildConfiguration;
			buildSettings = {
				CLANG_ENABLE_MODULES = YES;
				FRAMEWORK_SEARCH_PATHS = (
					"$(SDKROOT)/Developer/Library/Frameworks",
					"$(inherited)",
					/Users/dhanush.balachandran/Documents/Projects/AppleParkinson/AppleCore/StudyDemo/ResearchKit,
					"$(PROJECT_DIR)",
					"$(PROJECT_DIR)/ResearchKit",
				);
				GCC_PREPROCESSOR_DEFINITIONS = (
					"DEBUG=1",
					"$(inherited)",
				);
				INFOPLIST_FILE = APCAppleCoreTests/Info.plist;
				LD_RUNPATH_SEARCH_PATHS = "$(inherited) @executable_path/Frameworks @loader_path/Frameworks";
				OTHER_LDFLAGS = (
					"$(inherited)",
					"-framework",
					XCTest,
					"-ObjC",
				);
				PRODUCT_NAME = "$(TARGET_NAME)";
				SWIFT_OPTIMIZATION_LEVEL = "-Onone";
			};
			name = Debug;
		};
		F5DAB568199EBFF6008E4A8E /* Release */ = {
			isa = XCBuildConfiguration;
			buildSettings = {
				CLANG_ENABLE_MODULES = YES;
				FRAMEWORK_SEARCH_PATHS = (
					"$(SDKROOT)/Developer/Library/Frameworks",
					"$(inherited)",
					/Users/dhanush.balachandran/Documents/Projects/AppleParkinson/AppleCore/StudyDemo/ResearchKit,
					"$(PROJECT_DIR)",
					"$(PROJECT_DIR)/ResearchKit",
				);
				INFOPLIST_FILE = APCAppleCoreTests/Info.plist;
				LD_RUNPATH_SEARCH_PATHS = "$(inherited) @executable_path/Frameworks @loader_path/Frameworks";
				OTHER_LDFLAGS = (
					"$(inherited)",
					"-framework",
					XCTest,
					"-ObjC",
				);
				PRODUCT_NAME = "$(TARGET_NAME)";
			};
			name = Release;
		};
		F5E4874119ABE18000C86FC6 /* Debug */ = {
			isa = XCBuildConfiguration;
			buildSettings = {
				COMBINE_HIDPI_IMAGES = YES;
				FRAMEWORK_SEARCH_PATHS = (
					"$(inherited)",
					/Users/dhanush.balachandran/Documents/Projects/AppleParkinson/AppleCore/StudyDemo/ResearchKit,
				);
				GCC_PREPROCESSOR_DEFINITIONS = (
					"DEBUG=1",
					"$(inherited)",
				);
				INFOPLIST_FILE = APCAppleCoreBundle/Info.plist;
				INSTALL_PATH = "$(LOCAL_LIBRARY_DIR)/Bundles";
				MACOSX_DEPLOYMENT_TARGET = 10.9;
				PRODUCT_NAME = "$(TARGET_NAME)";
				SDKROOT = iphoneos8.0;
				SKIP_INSTALL = YES;
				WRAPPER_EXTENSION = bundle;
			};
			name = Debug;
		};
		F5E4874219ABE18000C86FC6 /* Release */ = {
			isa = XCBuildConfiguration;
			buildSettings = {
				COMBINE_HIDPI_IMAGES = YES;
				DEBUG_INFORMATION_FORMAT = "dwarf-with-dsym";
				FRAMEWORK_SEARCH_PATHS = (
					"$(inherited)",
					/Users/dhanush.balachandran/Documents/Projects/AppleParkinson/AppleCore/StudyDemo/ResearchKit,
				);
				INFOPLIST_FILE = APCAppleCoreBundle/Info.plist;
				INSTALL_PATH = "$(LOCAL_LIBRARY_DIR)/Bundles";
				MACOSX_DEPLOYMENT_TARGET = 10.9;
				PRODUCT_NAME = "$(TARGET_NAME)";
				SDKROOT = iphoneos8.0;
				SKIP_INSTALL = YES;
				WRAPPER_EXTENSION = bundle;
			};
			name = Release;
		};
/* End XCBuildConfiguration section */

/* Begin XCConfigurationList section */
		F5DAB54D199EBFF6008E4A8E /* Build configuration list for PBXProject "APCAppleCore" */ = {
			isa = XCConfigurationList;
			buildConfigurations = (
				F5DAB561199EBFF6008E4A8E /* Debug */,
				F5DAB562199EBFF6008E4A8E /* Release */,
			);
			defaultConfigurationIsVisible = 0;
			defaultConfigurationName = Release;
		};
		F5DAB563199EBFF6008E4A8E /* Build configuration list for PBXNativeTarget "APCAppleCore" */ = {
			isa = XCConfigurationList;
			buildConfigurations = (
				F5DAB564199EBFF6008E4A8E /* Debug */,
				F5DAB565199EBFF6008E4A8E /* Release */,
			);
			defaultConfigurationIsVisible = 0;
			defaultConfigurationName = Release;
		};
		F5DAB566199EBFF6008E4A8E /* Build configuration list for PBXNativeTarget "APCAppleCoreTests" */ = {
			isa = XCConfigurationList;
			buildConfigurations = (
				F5DAB567199EBFF6008E4A8E /* Debug */,
				F5DAB568199EBFF6008E4A8E /* Release */,
			);
			defaultConfigurationIsVisible = 0;
			defaultConfigurationName = Release;
		};
		F5E4874019ABE18000C86FC6 /* Build configuration list for PBXNativeTarget "APCAppleCoreBundle" */ = {
			isa = XCConfigurationList;
			buildConfigurations = (
				F5E4874119ABE18000C86FC6 /* Debug */,
				F5E4874219ABE18000C86FC6 /* Release */,
			);
			defaultConfigurationIsVisible = 0;
			defaultConfigurationName = Release;
		};
/* End XCConfigurationList section */

/* Begin XCVersionGroup section */
		F5E4873219ABDEB500C86FC6 /* APCModel.xcdatamodeld */ = {
			isa = XCVersionGroup;
			children = (
				F5E4873319ABDEB500C86FC6 /* APCModel.xcdatamodel */,
			);
			currentVersion = F5E4873319ABDEB500C86FC6 /* APCModel.xcdatamodel */;
			path = APCModel.xcdatamodeld;
			sourceTree = "<group>";
			versionGroupType = wrapper.xcdatamodel;
		};
/* End XCVersionGroup section */
	};
	rootObject = F5DAB54A199EBFF6008E4A8E /* Project object */;
}
